
raox2@Raox MINGW64 ~/Documents/IAC Fiap 1TCNR/app-notifier/terraform (main)
$ terraform plan -input=false -out tfplan.txt

Terraform used the selected providers to generate the following execution
plan. Resource actions are indicated with the following symbols:
  + create
 <= read (data resources)

Terraform will perform the following actions:

  # module.compute.data.template_file.user_data will be read during apply
  # (config refers to values not yet known)
 <= data "template_file" "user_data" {
      + id       = (known after apply)
      + rendered = (known after apply)
      + template = <<-EOT
            #!/bin/bash


            # 1- Update/Install required OS packages
            yum update -y
            amazon-linux-extras install -y php7.2 epel
            yum install -y httpd mysql php-mtdowling-jmespath-php php-xml telnet tree git


            # 2- (Optional) Enable PHP to send AWS SNS events
            # NOTE: If uncommented, more configs are required
            # - Step 4: Deploy PHP app
            # - Module Compute: compute.tf and vars.tf manifests

            # 2.1- Config AWS SDK for PHP
            # mkdir -p /opt/aws/sdk/php/
            # cd /opt/aws/sdk/php/
            # wget https://docs.aws.amazon.com/aws-sdk-php/v3/download/aws.zip
            # unzip aws.zip

            # 2.2- Config AWS Account
            # mkdir -p /var/www/html/.aws/
            # cat <<EOT >> /var/www/html/.aws/credentials
            # [default]
            # aws_access_key_id=12345
            # aws_secret_access_key=12345
            # aws_session_token=12345
            # EOT


            # 3- Config PHP app Connection to Database
            cat <<EOT >> /var/www/config.php
            <?php
            define('DB_SERVER', '${rds_endpoint}');
            define('DB_USERNAME', '${rds_dbuser}');
            define('DB_PASSWORD', '${rds_dbpassword}');
            define('DB_DATABASE', '${rds_dbname}');
            ?>
            EOT


            # 4- Deploy PHP app
            cd /tmp
            git clone https://github.com/kledsonhugo/notifier
            cp /tmp/notifier/app/*.php /var/www/html/
            # mv /var/www/html/sendsms.php /var/www/html/index.php
            rm -rf /tmp/notifier


            # 5- Config Apache WebServer
            usermod -a -G apache ec2-user
            chown -R ec2-user:apache /var/www
            chmod 2775 /var/www
            find /var/www -type d -exec chmod 2775 {} \;
            find /var/www -type f -exec chmod 0664 {} \;


            # 6- Start Apache WebServer
            systemctl enable httpd
            service httpd restart
        EOT
      + vars     = {
          + "rds_dbname"     = "rdsdbnotifier"
          + "rds_dbpassword" = "rdsdbadminpwd"
          + "rds_dbuser"     = "rdsdbadmin"
        }
    }

  # module.compute.aws_autoscaling_group.ec2_asg will be created
  + resource "aws_autoscaling_group" "ec2_asg" {
      + arn                       = (known after apply)
      + availability_zones        = (known after apply)
      + default_cooldown          = (known after apply)
      + desired_capacity          = 4
      + force_delete              = false
      + force_delete_warm_pool    = false
      + health_check_grace_period = 300
      + health_check_type         = (known after apply)
      + id                        = (known after apply)
      + max_size                  = 8
      + metrics_granularity       = "1Minute"
      + min_size                  = 2
      + name                      = "ec2-asg-notifier"
      + name_prefix               = (known after apply)
      + protect_from_scale_in     = false
      + service_linked_role_arn   = (known after apply)
      + target_group_arns         = (known after apply)
      + vpc_zone_identifier       = (known after apply)
      + wait_for_capacity_timeout = "10m"

      + launch_template {
          + id      = (known after apply)
          + name    = (known after apply)
          + version = "$Latest"
        }
    }

  # module.compute.aws_launch_template.ec2_lt will be created
  + resource "aws_launch_template" "ec2_lt" {
      + arn                    = (known after apply)
      + default_version        = (known after apply)
      + id                     = (known after apply)
      + image_id               = "ami-069aabeee6f53e7bf"
      + instance_type          = "t2.micro"
      + key_name               = "vockey"
      + latest_version         = (known after apply)
      + name                   = "ec2-lt-notifier"
      + name_prefix            = (known after apply)
      + tags_all               = (known after apply)
      + user_data              = (known after apply)
      + vpc_security_group_ids = (known after apply)
    }

  # module.compute.aws_lb.ec2_lb will be created
  + resource "aws_lb" "ec2_lb" {
      + arn                                         = (known after apply)
      + arn_suffix                                  = (known after apply)
      + desync_mitigation_mode                      = "defensive"
      + dns_name                                    = (known after apply)
      + drop_invalid_header_fields                  = false
      + enable_deletion_protection                  = false
      + enable_http2                                = true
      + enable_tls_version_and_cipher_suite_headers = false
      + enable_waf_fail_open                        = false
      + enable_xff_client_port                      = false
      + id                                          = (known after apply)
      + idle_timeout                                = 60
      + internal                                    = (known after apply)
      + ip_address_type                             = (known after apply)
      + load_balancer_type                          = "application"
      + name                                        = "ec2-lb-notifier"
      + preserve_host_header                        = false
      + security_groups                             = (known after apply)
      + subnets                                     = (known after apply)
      + tags_all                                    = (known after apply)
      + vpc_id                                      = (known after apply)
      + xff_header_processing_mode                  = "append"
      + zone_id                                     = (known after apply)
    }

  # module.compute.aws_lb_listener.ec2_lb_listener will be created
  + resource "aws_lb_listener" "ec2_lb_listener" {
      + arn               = (known after apply)
      + id                = (known after apply)
      + load_balancer_arn = (known after apply)
      + port              = 80
      + protocol          = "HTTP"
      + ssl_policy        = (known after apply)
      + tags_all          = (known after apply)

      + default_action {
          + order            = (known after apply)
          + target_group_arn = (known after apply)
          + type             = "forward"
        }
    }

  # module.compute.aws_lb_target_group.ec2_lb_tg will be created
  + resource "aws_lb_target_group" "ec2_lb_tg" {
      + arn                                = (known after apply)
      + arn_suffix                         = (known after apply)
      + connection_termination             = false
      + deregistration_delay               = "300"
      + id                                 = (known after apply)
      + ip_address_type                    = (known after apply)
      + lambda_multi_value_headers_enabled = false
      + load_balancing_algorithm_type      = (known after apply)
      + load_balancing_cross_zone_enabled  = (known after apply)
      + name                               = "ec2-lb-tg-notifier"
      + port                               = 80
      + preserve_client_ip                 = (known after apply)
      + protocol                           = "HTTP"
      + protocol_version                   = (known after apply)
      + proxy_protocol_v2                  = false
      + slow_start                         = 0
      + tags_all                           = (known after apply)
      + target_type                        = "instance"
      + vpc_id                             = (known after apply)
    }

  # module.database.aws_db_instance.rds_dbinstance will be created
  + resource "aws_db_instance" "rds_dbinstance" {
      + address                               = (known after apply)
      + allocated_storage                     = 20
      + apply_immediately                     = false
      + arn                                   = (known after apply)
      + auto_minor_version_upgrade            = true
      + availability_zone                     = (known after apply)
      + backup_retention_period               = (known after apply)
      + backup_window                         = (known after apply)
      + ca_cert_identifier                    = (known after apply)
      + character_set_name                    = (known after apply)
      + copy_tags_to_snapshot                 = false
      + db_name                               = "rdsdbnotifier"
      + db_subnet_group_name                  = "rds-sn-group-notifier"
      + delete_automated_backups              = true
      + endpoint                              = (known after apply)
      + engine                                = "mysql"
      + engine_version                        = "8.0.23"
      + engine_version_actual                 = (known after apply)
      + hosted_zone_id                        = (known after apply)
      + id                                    = (known after apply)
      + identifier                            = "rds-notifier"
      + identifier_prefix                     = (known after apply)
      + instance_class                        = "db.t2.micro"
      + iops                                  = (known after apply)
      + kms_key_id                            = (known after apply)
      + latest_restorable_time                = (known after apply)
      + license_model                         = (known after apply)
      + listener_endpoint                     = (known after apply)
      + maintenance_window                    = (known after apply)
      + master_user_secret                    = (known after apply)
      + master_user_secret_kms_key_id         = (known after apply)
      + max_allocated_storage                 = 0
      + monitoring_interval                   = 0
      + monitoring_role_arn                   = (known after apply)
      + multi_az                              = false
      + name                                  = (known after apply)
      + nchar_character_set_name              = (known after apply)
      + network_type                          = (known after apply)
      + option_group_name                     = (known after apply)
      + parameter_group_name                  = "rds-param-group-notifier"
      + password                              = (sensitive value)
      + performance_insights_enabled          = false
      + performance_insights_kms_key_id       = (known after apply)
      + performance_insights_retention_period = (known after apply)
      + port                                  = (known after apply)
      + publicly_accessible                   = false
      + replica_mode                          = (known after apply)
      + replicas                              = (known after apply)
      + resource_id                           = (known after apply)
      + skip_final_snapshot                   = true
      + snapshot_identifier                   = (known after apply)
      + status                                = (known after apply)
      + storage_throughput                    = (known after apply)
      + storage_type                          = "gp2"
      + tags_all                              = (known after apply)
      + timezone                              = (known after apply)
      + username                              = "rdsdbadmin"
      + vpc_security_group_ids                = (known after apply)
    }

  # module.database.aws_db_parameter_group.rds_param_group will be created
  + resource "aws_db_parameter_group" "rds_param_group" {
      + arn         = (known after apply)
      + description = "Managed by Terraform"
      + family      = "mysql8.0"
      + id          = (known after apply)
      + name        = "rds-param-group-notifier"
      + name_prefix = (known after apply)
      + tags_all    = (known after apply)

      + parameter {
          + apply_method = "immediate"
          + name         = "character_set_database"
          + value        = "utf8"
        }
      + parameter {
          + apply_method = "immediate"
          + name         = "character_set_server"
          + value        = "utf8"
        }
    }

  # module.database.aws_db_subnet_group.rds_sn_group will be created
  + resource "aws_db_subnet_group" "rds_sn_group" {
      + arn                     = (known after apply)
      + description             = "Managed by Terraform"
      + id                      = (known after apply)
      + name                    = "rds-sn-group-notifier"
      + name_prefix             = (known after apply)
      + subnet_ids              = (known after apply)
      + supported_network_types = (known after apply)
      + tags_all                = (known after apply)
    }

  # module.network.aws_internet_gateway.igw will be created
  + resource "aws_internet_gateway" "igw" {
      + arn      = (known after apply)
      + id       = (known after apply)
      + owner_id = (known after apply)
      + tags_all = (known after apply)
      + vpc_id   = (known after apply)
    }

  # module.network.aws_route_table.rt_priv will be created
  + resource "aws_route_table" "rt_priv" {
      + arn              = (known after apply)
      + id               = (known after apply)
      + owner_id         = (known after apply)
      + propagating_vgws = (known after apply)
      + route            = (known after apply)
      + tags_all         = (known after apply)
      + vpc_id           = (known after apply)
    }

  # module.network.aws_route_table.rt_pub will be created
  + resource "aws_route_table" "rt_pub" {
      + arn              = (known after apply)
      + id               = (known after apply)
      + owner_id         = (known after apply)
      + propagating_vgws = (known after apply)
      + route            = [
          + {
              + carrier_gateway_id         = ""
              + cidr_block                 = "0.0.0.0/0"
              + core_network_arn           = ""
              + destination_prefix_list_id = ""
              + egress_only_gateway_id     = ""
              + gateway_id                 = (known after apply)
              + instance_id                = ""
              + ipv6_cidr_block            = ""
              + local_gateway_id           = ""
              + nat_gateway_id             = ""
              + network_interface_id       = ""
              + transit_gateway_id         = ""
              + vpc_endpoint_id            = ""
              + vpc_peering_connection_id  = ""
            },
        ]
      + tags_all         = (known after apply)
      + vpc_id           = (known after apply)
    }

  # module.network.aws_route_table_association.rt_pub_sn_priv_az1 will be created
  + resource "aws_route_table_association" "rt_pub_sn_priv_az1" {
      + id             = (known after apply)
      + route_table_id = (known after apply)
      + subnet_id      = (known after apply)
    }

  # module.network.aws_route_table_association.rt_pub_sn_priv_az2 will be created
  + resource "aws_route_table_association" "rt_pub_sn_priv_az2" {
      + id             = (known after apply)
      + route_table_id = (known after apply)
      + subnet_id      = (known after apply)
    }

  # module.network.aws_route_table_association.rt_pub_sn_pub_az1 will be created
  + resource "aws_route_table_association" "rt_pub_sn_pub_az1" {
      + id             = (known after apply)
      + route_table_id = (known after apply)
      + subnet_id      = (known after apply)
    }

  # module.network.aws_route_table_association.rt_pub_sn_pub_az2 will be created
  + resource "aws_route_table_association" "rt_pub_sn_pub_az2" {
      + id             = (known after apply)
      + route_table_id = (known after apply)
      + subnet_id      = (known after apply)
    }

  # module.network.aws_security_group.vpc_sg_priv will be created
  + resource "aws_security_group" "vpc_sg_priv" {
      + arn                    = (known after apply)
      + description            = "Managed by Terraform"
      + egress                 = [
          + {
              + cidr_blocks      = [
                  + "0.0.0.0/0",
                ]
              + description      = ""
              + from_port        = 0
              + ipv6_cidr_blocks = []
              + prefix_list_ids  = []
              + protocol         = "-1"
              + security_groups  = []
              + self             = false
              + to_port          = 0
            },
        ]
      + id                     = (known after apply)
      + ingress                = [
          + {
              + cidr_blocks      = [
                  + "10.0.0.0/16",
                ]
              + description      = ""
              + from_port        = 0
              + ipv6_cidr_blocks = []
              + prefix_list_ids  = []
              + protocol         = "-1"
              + security_groups  = []
              + self             = false
              + to_port          = 0
            },
        ]
      + name                   = (known after apply)
      + name_prefix            = (known after apply)
      + owner_id               = (known after apply)
      + revoke_rules_on_delete = false
      + tags_all               = (known after apply)
      + vpc_id                 = (known after apply)
    }

  # module.network.aws_security_group.vpc_sg_pub will be created
  + resource "aws_security_group" "vpc_sg_pub" {
      + arn                    = (known after apply)
      + description            = "Managed by Terraform"
      + egress                 = [
          + {
              + cidr_blocks      = [
                  + "0.0.0.0/0",
                ]
              + description      = ""
              + from_port        = 0
              + ipv6_cidr_blocks = []
              + prefix_list_ids  = []
              + protocol         = "-1"
              + security_groups  = []
              + self             = false
              + to_port          = 0
            },
        ]
      + id                     = (known after apply)
      + ingress                = [
          + {
              + cidr_blocks      = [
                  + "0.0.0.0/0",
                ]
              + description      = ""
              + from_port        = 22
              + ipv6_cidr_blocks = []
              + prefix_list_ids  = []
              + protocol         = "tcp"
              + security_groups  = []
              + self             = false
              + to_port          = 22
            },
          + {
              + cidr_blocks      = [
                  + "0.0.0.0/0",
                ]
              + description      = ""
              + from_port        = 80
              + ipv6_cidr_blocks = []
              + prefix_list_ids  = []
              + protocol         = "tcp"
              + security_groups  = []
              + self             = false
              + to_port          = 80
            },
          + {
              + cidr_blocks      = [
                  + "10.0.0.0/16",
                ]
              + description      = ""
              + from_port        = 0
              + ipv6_cidr_blocks = []
              + prefix_list_ids  = []
              + protocol         = "-1"
              + security_groups  = []
              + self             = false
              + to_port          = 0
            },
        ]
      + name                   = (known after apply)
      + name_prefix            = (known after apply)
      + owner_id               = (known after apply)
      + revoke_rules_on_delete = false
      + tags_all               = (known after apply)
      + vpc_id                 = (known after apply)
    }

  # module.network.aws_subnet.sn_priv_az1 will be created
  + resource "aws_subnet" "sn_priv_az1" {
      + arn                                            = (known after apply)
      + assign_ipv6_address_on_creation                = false
      + availability_zone                              = "us-east-1a"
      + availability_zone_id                           = (known after apply)
      + cidr_block                                     = "10.0.3.0/24"
      + enable_dns64                                   = false
      + enable_resource_name_dns_a_record_on_launch    = false
      + enable_resource_name_dns_aaaa_record_on_launch = false
      + id                                             = (known after apply)
      + ipv6_cidr_block_association_id                 = (known after apply)
      + ipv6_native                                    = false
      + map_public_ip_on_launch                        = false
      + owner_id                                       = (known after apply)
      + private_dns_hostname_type_on_launch            = (known after apply)
      + tags_all                                       = (known after apply)
      + vpc_id                                         = (known after apply)
    }

  # module.network.aws_subnet.sn_priv_az2 will be created
  + resource "aws_subnet" "sn_priv_az2" {
      + arn                                            = (known after apply)
      + assign_ipv6_address_on_creation                = false
      + availability_zone                              = "us-east-1c"
      + availability_zone_id                           = (known after apply)
      + cidr_block                                     = "10.0.4.0/24"
      + enable_dns64                                   = false
      + enable_resource_name_dns_a_record_on_launch    = false
      + enable_resource_name_dns_aaaa_record_on_launch = false
      + id                                             = (known after apply)
      + ipv6_cidr_block_association_id                 = (known after apply)
      + ipv6_native                                    = false
      + map_public_ip_on_launch                        = false
      + owner_id                                       = (known after apply)
      + private_dns_hostname_type_on_launch            = (known after apply)
      + tags_all                                       = (known after apply)
      + vpc_id                                         = (known after apply)
    }

  # module.network.aws_subnet.sn_pub_az1 will be created
  + resource "aws_subnet" "sn_pub_az1" {
      + arn                                            = (known after apply)
      + assign_ipv6_address_on_creation                = false
      + availability_zone                              = "us-east-1a"
      + availability_zone_id                           = (known after apply)
      + cidr_block                                     = "10.0.1.0/24"
      + enable_dns64                                   = false
      + enable_resource_name_dns_a_record_on_launch    = false
      + enable_resource_name_dns_aaaa_record_on_launch = false
      + id                                             = (known after apply)
      + ipv6_cidr_block_association_id                 = (known after apply)
      + ipv6_native                                    = false
      + map_public_ip_on_launch                        = true
      + owner_id                                       = (known after apply)
      + private_dns_hostname_type_on_launch            = (known after apply)
      + tags_all                                       = (known after apply)
      + vpc_id                                         = (known after apply)
    }

  # module.network.aws_subnet.sn_pub_az2 will be created
  + resource "aws_subnet" "sn_pub_az2" {
      + arn                                            = (known after apply)
      + assign_ipv6_address_on_creation                = false
      + availability_zone                              = "us-east-1c"
      + availability_zone_id                           = (known after apply)
      + cidr_block                                     = "10.0.2.0/24"
      + enable_dns64                                   = false
      + enable_resource_name_dns_a_record_on_launch    = false
      + enable_resource_name_dns_aaaa_record_on_launch = false
      + id                                             = (known after apply)
      + ipv6_cidr_block_association_id                 = (known after apply)
      + ipv6_native                                    = false
      + map_public_ip_on_launch                        = true
      + owner_id                                       = (known after apply)
      + private_dns_hostname_type_on_launch            = (known after apply)
      + tags_all                                       = (known after apply)
      + vpc_id                                         = (known after apply)
    }

  # module.network.aws_vpc.vpc will be created
  + resource "aws_vpc" "vpc" {
      + arn                                  = (known after apply)
      + cidr_block                           = "10.0.0.0/16"
      + default_network_acl_id               = (known after apply)
      + default_route_table_id               = (known after apply)
      + default_security_group_id            = (known after apply)
      + dhcp_options_id                      = (known after apply)
      + enable_classiclink                   = (known after apply)
      + enable_classiclink_dns_support       = (known after apply)
      + enable_dns_hostnames                 = true
      + enable_dns_support                   = true
      + enable_network_address_usage_metrics = (known after apply)
      + id                                   = (known after apply)
      + instance_tenancy                     = "default"
      + ipv6_association_id                  = (known after apply)
      + ipv6_cidr_block                      = (known after apply)
      + ipv6_cidr_block_network_border_group = (known after apply)
      + main_route_table_id                  = (known after apply)
      + owner_id                             = (known after apply)
      + tags_all                             = (known after apply)
    }

Plan: 22 to add, 0 to change, 0 to destroy.

─────────────────────────────────────────────────────────────────────────────

Saved the plan to: tfplan.txt

To perform exactly these actions, run the following command to apply:
    terraform apply "tfplan.txt"

raox2@Raox MINGW64 ~/Documents/IAC Fiap 1TCNR/app-notifier/terraform (main)
$
