C:\Users\Yuukitore\Downloads\app-notifier\terraform>terraform plan -input=false -out tfplan

Terraform used the selected providers to generate the following execution plan. Resource actions are indicated with the
following symbols:
  + create
 <= read (data resources)

Terraform will perform the following actions:

  # module.compute.data.template_file.user_data will be read during apply
  # (config refers to values not yet known)
 <= data "template_file" "user_data" {
      + id       = (known after apply)
      + rendered = (known after apply)
      + template = <<-EOT
            #!/bin/bash


            # 1- Update/Install required OS packages
            yum update -y
            amazon-linux-extras install -y php7.2 epel
            yum install -y httpd mysql php-mtdowling-jmespath-php php-xml telnet tree git


            # 2- (Optional) Enable PHP to send AWS SNS events
            # NOTE: If uncommented, more configs are required
            # - Step 4: Deploy PHP app
            # - Module Compute: compute.tf and vars.tf manifests

            # 2.1- Config AWS SDK for PHP
            # mkdir -p /opt/aws/sdk/php/
            # cd /opt/aws/sdk/php/
            # wget https://docs.aws.amazon.com/aws-sdk-php/v3/download/aws.zip
            # unzip aws.zip

            # 2.2- Config AWS Account
            # mkdir -p /var/www/html/.aws/
            # cat <<EOT >> /var/www/html/.aws/credentials
            # [default]
            # aws_access_key_id=12345
            # aws_secret_access_key=12345
            # aws_session_token=12345
            # EOT


            # 3- Config PHP app Connection to Database
            cat <<EOT >> /var/www/config.php
            <?php
            define('DB_SERVER', '${rds_endpoint}');
            define('DB_USERNAME', '${rds_dbuser}');
            define('DB_PASSWORD', '${rds_dbpassword}');
            define('DB_DATABASE', '${rds_dbname}');
            ?>
            EOT


            # 4- Deploy PHP app
            cd /tmp
            git clone https://github.com/kledsonhugo/notifier
            cp /tmp/notifier/app/*.php /var/www/html/
            # mv /var/www/html/sendsms.php /var/www/html/index.php
            rm -rf /tmp/notifier


            # 5- Config Apache WebServer
            usermod -a -G apache ec2-user
            chown -R ec2-user:apache /var/www
            chmod 2775 /var/www
            find /var/www -type d -exec chmod 2775 {} \;
            find /var/www -type f -exec chmod 0664 {} \;


            # 6- Start Apache WebServer
            systemctl enable httpd
            service httpd restart
        EOT
      + vars     = {
          + "rds_dbname"     = "rdsdbnotifier"
          + "rds_dbpassword" = "rdsdbadminpwd"
          + "rds_dbuser"     = "rdsdbadmin"
        }
    }

  # module.compute.aws_autoscaling_group.ec2_asg will be created
  + resource "aws_autoscaling_group" "ec2_asg" {
      + arn                       = (known after apply)
      + availability_zones        = (known after apply)
      + default_cooldown          = (known after apply)
      + desired_capacity          = 4
      + force_delete              = false
      + force_delete_warm_pool    = false
      + health_check_grace_period = 300
      + health_check_type         = (known after apply)
      + id                        = (known after apply)
      + max_size                  = 8
      + metrics_granularity       = "1Minute"
      + min_size                  = 2
      + name                      = "ec2-asg-notifier"
      + name_prefix               = (known after apply)
      + protect_from_scale_in     = false
      + service_linked_role_arn   = (known after apply)
      + target_group_arns         = (known after apply)
      + vpc_zone_identifier       = (known after apply)
      + wait_for_capacity_timeout = "10m"

      + launch_template {
          + id      = (known after apply)
          + name    = (known after apply)
          + version = "$Latest"
        }
    }

  # module.compute.aws_launch_template.ec2_lt will be created
  + resource "aws_launch_template" "ec2_lt" {
      + arn                    = (known after apply)
      + default_version        = (known after apply)
      + id                     = (known after apply)
      + image_id               = "ami-069aabeee6f53e7bf"
      + instance_type          = "t2.micro"
      + key_name               = "vockey"
      + latest_version         = (known after apply)
      + name                   = "ec2-lt-notifier"
      + name_prefix            = (known after apply)
      + tags_all               = (known after apply)
      + user_data              = (known after apply)
      + vpc_security_group_ids = (known after apply)
    }

  # module.compute.aws_lb.ec2_lb will be created
  + resource "aws_lb" "ec2_lb" {
      + arn                                         = (known after apply)
      + arn_suffix                                  = (known after apply)
      + desync_mitigation_mode                      = "defensive"
      + dns_name                                    = (known after apply)
      + drop_invalid_header_fields                  = false
      + enable_deletion_protection                  = false
      + enable_http2                                = true
      + enable_tls_version_and_cipher_suite_headers = false
      + enable_waf_fail_open                        = false
      + enable_xff_client_port                      = false
      + id                                          = (known after apply)
      + idle_timeout                                = 60
      + internal                                    = (known after apply)
      + ip_address_type                             = (known after apply)
      + load_balancer_type                          = "application"
      + name                                        = "ec2-lb-notifier"
      + preserve_host_header                        = false
      + security_groups                             = (known after apply)
      + subnets                                     = (known after apply)
      + tags_all                                    = (known after apply)
      + vpc_id                                      = (known after apply)
      + xff_header_processing_mode                  = "append"
      + zone_id                                     = (known after apply)
    }

  # module.compute.aws_lb_listener.ec2_lb_listener will be created
  + resource "aws_lb_listener" "ec2_lb_listener" {
      + arn               = (known after apply)
      + id                = (known after apply)
      + load_balancer_arn = (known after apply)
      + port              = 80
      + protocol          = "HTTP"
      + ssl_policy        = (known after apply)
      + tags_all          = (known after apply)

      + default_action {
          + order            = (known after apply)
          + target_group_arn = (known after apply)
          + type             = "forward"
        }
    }

  # module.compute.aws_lb_target_group.ec2_lb_tg will be created
  + resource "aws_lb_target_group" "ec2_lb_tg" {
      + arn                                = (known after apply)
      + arn_suffix                         = (known after apply)
      + connection_termination             = false
      + deregistration_delay               = "300"
      + id                                 = (known after apply)
      + ip_address_type                    = (known after apply)
      + lambda_multi_value_headers_enabled = false
      + load_balancing_algorithm_type      = (known after apply)
      + load_balancing_cross_zone_enabled  = (known after apply)
      + name                               = "ec2-lb-tg-notifier"
      + port                               = 80
      + preserve_client_ip                 = (known after apply)
      + protocol                           = "HTTP"
      + protocol_version                   = (known after apply)
      + proxy_protocol_v2                  = false
      + slow_start                         = 0
      + tags_all                           = (known after apply)
      + target_type                        = "instance"
      + vpc_id                             = (known after apply)
    }

  # module.database.aws_db_instance.rds_dbinstance will be created
  + resource "aws_db_instance" "rds_dbinstance" {
      + address                               = (known after apply)
      + allocated_storage                     = 20
      + apply_immediately                     = false
      + arn                                   = (known after apply)
      + auto_minor_version_upgrade            = true
      + availability_zone                     = (known after apply)
      + backup_retention_period               = (known after apply)
      + backup_window                         = (known after apply)
      + ca_cert_identifier                    = (known after apply)
      + character_set_name                    = (known after apply)
      + copy_tags_to_snapshot                 = false
      + db_name                               = "rdsdbnotifier"
      + db_subnet_group_name                  = "rds-sn-group-notifier"
      + delete_automated_backups              = true
      + endpoint                              = (known after apply)
      + engine                                = "mysql"
      + engine_version                        = "8.0.23"
      + engine_version_actual                 = (known after apply)
      + hosted_zone_id                        = (known after apply)
      + id                                    = (known after apply)
      + identifier                            = "rds-notifier"
      + identifier_prefix                     = (known after apply)
      + instance_class                        = "db.t2.micro"
      + iops                                  = (known after apply)
      + kms_key_id                            = (known after apply)
      + latest_restorable_time                = (known after apply)
      + license_model                         = (known after apply)
      + listener_endpoint                     = (known after apply)
      + maintenance_window                    = (known after apply)
      + master_user_secret                    = (known after apply)
      + master_user_secret_kms_key_id         = (known after apply)
      + max_allocated_storage                 = 0
      + monitoring_interval                   = 0
      + monitoring_role_arn                   = (known after apply)
      + multi_az                              = false
      + name                                  = (known after apply)
      + nchar_character_set_name              = (known after apply)
      + network_type                          = (known after apply)
      + option_group_name                     = (known after apply)
      + parameter_group_name                  = "rds-param-group-notifier"
      + password                              = (sensitive value)
      + performance_insights_enabled          = false
      + performance_insights_kms_key_id       = (known after apply)
      + performance_insights_retention_period = (known after apply)
      + port                                  = (known after apply)
      + publicly_accessible                   = false
      + replica_mode                          = (known after apply)
      + replicas                              = (known after apply)
      + resource_id                           = (known after apply)
      + skip_final_snapshot                   = true
      + snapshot_identifier                   = (known after apply)
      + status                                = (known after apply)
      + storage_throughput                    = (known after apply)
      + storage_type                          = "gp2"
      + tags_all                              = (known after apply)
      + timezone                              = (known after apply)
      + username                              = "rdsdbadmin"
      + vpc_security_group_ids                = (known after apply)
    }

  # module.database.aws_db_parameter_group.rds_param_group will be created
  + resource "aws_db_parameter_group" "rds_param_group" {
      + arn         = (known after apply)
      + description = "Managed by Terraform"
      + family      = "mysql8.0"
      + id          = (known after apply)
      + name        = "rds-param-group-notifier"
      + name_prefix = (known after apply)
      + tags_all    = (known after apply)

      + parameter {
          + apply_method = "immediate"
          + name         = "character_set_database"
          + value        = "utf8"
        }
      + parameter {
          + apply_method = "immediate"
          + name         = "character_set_server"
          + value        = "utf8"
        }
    }

  # module.database.aws_db_subnet_group.rds_sn_group will be created
  + resource "aws_db_subnet_group" "rds_sn_group" {
      + arn                     = (known after apply)
      + description             = "Managed by Terraform"
      + id                      = (known after apply)
      + name                    = "rds-sn-group-notifier"
      + name_prefix             = (known after apply)
      + subnet_ids              = (known after apply)
      + supported_network_types = (known after apply)
      + tags_all                = (known after apply)
    }

  # module.network.aws_internet_gateway.igw will be created
  + resource "aws_internet_gateway" "igw" {
      + arn      = (known after apply)
      + id       = (known after apply)
      + owner_id = (known after apply)
      + tags_all = (known after apply)
      + vpc_id   = (known after apply)
    }

  # module.network.aws_route_table.rt_priv will be created
  + resource "aws_route_table" "rt_priv" {
      + arn              = (known after apply)
      + id               = (known after apply)
      + owner_id         = (known after apply)
      + propagating_vgws = (known after apply)
      + route            = (known after apply)
      + tags_all         = (known after apply)
      + vpc_id           = (known after apply)
    }

  # module.network.aws_route_table.rt_pub will be created
  + resource "aws_route_table" "rt_pub" {
      + arn              = (known after apply)
      + id               = (known after apply)
      + owner_id         = (known after apply)
      + propagating_vgws = (known after apply)
      + route            = [
          + {
              + carrier_gateway_id         = ""
              + cidr_block                 = "0.0.0.0/0"
              + core_network_arn           = ""
              + destination_prefix_list_id = ""
              + egress_only_gateway_id     = ""
              + gateway_id                 = (known after apply)
              + instance_id                = ""
              + ipv6_cidr_block            = ""
              + local_gateway_id           = ""
              + nat_gateway_id             = ""
              + network_interface_id       = ""
              + transit_gateway_id         = ""
              + vpc_endpoint_id            = ""
              + vpc_peering_connection_id  = ""
            },
        ]
      + tags_all         = (known after apply)
      + vpc_id           = (known after apply)
    }

  # module.network.aws_route_table_association.rt_pub_sn_priv_az1 will be created
  + resource "aws_route_table_association" "rt_pub_sn_priv_az1" {
      + id             = (known after apply)
      + route_table_id = (known after apply)
      + subnet_id      = (known after apply)
    }

  # module.network.aws_route_table_association.rt_pub_sn_priv_az2 will be created
  + resource "aws_route_table_association" "rt_pub_sn_priv_az2" {
      + id             = (known after apply)
      + route_table_id = (known after apply)
      + subnet_id      = (known after apply)
    }

  # module.network.aws_route_table_association.rt_pub_sn_pub_az1 will be created
  + resource "aws_route_table_association" "rt_pub_sn_pub_az1" {
      + id             = (known after apply)
      + route_table_id = (known after apply)
      + subnet_id      = (known after apply)
    }

  # module.network.aws_route_table_association.rt_pub_sn_pub_az2 will be created
  + resource "aws_route_table_association" "rt_pub_sn_pub_az2" {
      + id             = (known after apply)
      + route_table_id = (known after apply)
      + subnet_id      = (known after apply)
    }

  # module.network.aws_security_group.vpc_sg_priv will be created
  + resource "aws_security_group" "vpc_sg_priv" {
      + arn                    = (known after apply)
      + description            = "Managed by Terraform"
      + egress                 = [
          + {
              + cidr_blocks      = [
                  + "0.0.0.0/0",
                ]
              + description      = ""
              + from_port        = 0
              + ipv6_cidr_blocks = []
              + prefix_list_ids  = []
              + protocol         = "-1"
              + security_groups  = []
              + self             = false
              + to_port          = 0
            },
        ]
      + id                     = (known after apply)
      + ingress                = [
          + {
              + cidr_blocks      = [
                  + "10.0.0.0/16",
                ]
              + description      = ""
              + from_port        = 0
              + ipv6_cidr_blocks = []
              + prefix_list_ids  = []
              + protocol         = "-1"
              + security_groups  = []
              + self             = false
              + to_port          = 0
            },
        ]
      + name                   = (known after apply)
      + name_prefix            = (known after apply)
      + owner_id               = (known after apply)
      + revoke_rules_on_delete = false
      + tags_all               = (known after apply)
      + vpc_id                 = (known after apply)
    }

  # module.network.aws_security_group.vpc_sg_pub will be created
  + resource "aws_security_group" "vpc_sg_pub" {
      + arn                    = (known after apply)
      + description            = "Managed by Terraform"
      + egress                 = [
          + {
              + cidr_blocks      = [
                  + "0.0.0.0/0",
                ]
              + description      = ""
              + from_port        = 0
              + ipv6_cidr_blocks = []
              + prefix_list_ids  = []
              + protocol         = "-1"
              + security_groups  = []
              + self             = false
              + to_port          = 0
            },
        ]
      + id                     = (known after apply)
      + ingress                = [
          + {
              + cidr_blocks      = [
                  + "0.0.0.0/0",
                ]
              + description      = ""
              + from_port        = 22
              + ipv6_cidr_blocks = []
              + prefix_list_ids  = []
              + protocol         = "tcp"
              + security_groups  = []
              + self             = false
              + to_port          = 22
            },
          + {
              + cidr_blocks      = [
                  + "0.0.0.0/0",
                ]
              + description      = ""
              + from_port        = 80
              + ipv6_cidr_blocks = []
              + prefix_list_ids  = []
              + protocol         = "tcp"
              + security_groups  = []
              + self             = false
              + to_port          = 80
            },
          + {
              + cidr_blocks      = [
                  + "10.0.0.0/16",
                ]
              + description      = ""
              + from_port        = 0
              + ipv6_cidr_blocks = []
              + prefix_list_ids  = []
              + protocol         = "-1"
              + security_groups  = []
              + self             = false
              + to_port          = 0
            },
        ]
      + name                   = (known after apply)
      + name_prefix            = (known after apply)
      + owner_id               = (known after apply)
      + revoke_rules_on_delete = false
      + tags_all               = (known after apply)
      + vpc_id                 = (known after apply)
    }

  # module.network.aws_subnet.sn_priv_az1 will be created
  + resource "aws_subnet" "sn_priv_az1" {
      + arn                                            = (known after apply)
      + assign_ipv6_address_on_creation                = false
      + availability_zone                              = "us-east-1a"
      + availability_zone_id                           = (known after apply)
      + cidr_block                                     = "10.0.3.0/24"
      + enable_dns64                                   = false
      + enable_resource_name_dns_a_record_on_launch    = false
      + enable_resource_name_dns_aaaa_record_on_launch = false
      + id                                             = (known after apply)
      + ipv6_cidr_block_association_id                 = (known after apply)
      + ipv6_native                                    = false
      + map_public_ip_on_launch                        = false
      + owner_id                                       = (known after apply)
      + private_dns_hostname_type_on_launch            = (known after apply)
      + tags_all                                       = (known after apply)
      + vpc_id                                         = (known after apply)
    }

  # module.network.aws_subnet.sn_priv_az2 will be created
  + resource "aws_subnet" "sn_priv_az2" {
      + arn                                            = (known after apply)
      + assign_ipv6_address_on_creation                = false
      + availability_zone                              = "us-east-1c"
      + availability_zone_id                           = (known after apply)
      + cidr_block                                     = "10.0.4.0/24"
      + enable_dns64                                   = false
      + enable_resource_name_dns_a_record_on_launch    = false
      + enable_resource_name_dns_aaaa_record_on_launch = false
      + id                                             = (known after apply)
      + ipv6_cidr_block_association_id                 = (known after apply)
      + ipv6_native                                    = false
      + map_public_ip_on_launch                        = false
      + owner_id                                       = (known after apply)
      + private_dns_hostname_type_on_launch            = (known after apply)
      + tags_all                                       = (known after apply)
      + vpc_id                                         = (known after apply)
    }

  # module.network.aws_subnet.sn_pub_az1 will be created
  + resource "aws_subnet" "sn_pub_az1" {
      + arn                                            = (known after apply)
      + assign_ipv6_address_on_creation                = false
      + availability_zone                              = "us-east-1a"
      + availability_zone_id                           = (known after apply)
      + cidr_block                                     = "10.0.1.0/24"
      + enable_dns64                                   = false
      + enable_resource_name_dns_a_record_on_launch    = false
      + enable_resource_name_dns_aaaa_record_on_launch = false
      + id                                             = (known after apply)
      + ipv6_cidr_block_association_id                 = (known after apply)
      + ipv6_native                                    = false
      + map_public_ip_on_launch                        = true
      + owner_id                                       = (known after apply)
      + private_dns_hostname_type_on_launch            = (known after apply)
      + tags_all                                       = (known after apply)
      + vpc_id                                         = (known after apply)
    }

  # module.network.aws_subnet.sn_pub_az2 will be created
  + resource "aws_subnet" "sn_pub_az2" {
      + arn                                            = (known after apply)
      + assign_ipv6_address_on_creation                = false
      + availability_zone                              = "us-east-1c"
      + availability_zone_id                           = (known after apply)
      + cidr_block                                     = "10.0.2.0/24"
      + enable_dns64                                   = false
      + enable_resource_name_dns_a_record_on_launch    = false
      + enable_resource_name_dns_aaaa_record_on_launch = false
      + id                                             = (known after apply)
      + ipv6_cidr_block_association_id                 = (known after apply)
      + ipv6_native                                    = false
      + map_public_ip_on_launch                        = true
      + owner_id                                       = (known after apply)
      + private_dns_hostname_type_on_launch            = (known after apply)
      + tags_all                                       = (known after apply)
      + vpc_id                                         = (known after apply)
    }

  # module.network.aws_vpc.vpc will be created
  + resource "aws_vpc" "vpc" {
      + arn                                  = (known after apply)
      + cidr_block                           = "10.0.0.0/16"
      + default_network_acl_id               = (known after apply)
      + default_route_table_id               = (known after apply)
      + default_security_group_id            = (known after apply)
      + dhcp_options_id                      = (known after apply)
      + enable_classiclink                   = (known after apply)
      + enable_classiclink_dns_support       = (known after apply)
      + enable_dns_hostnames                 = true
      + enable_dns_support                   = true
      + enable_network_address_usage_metrics = (known after apply)
      + id                                   = (known after apply)
      + instance_tenancy                     = "default"
      + ipv6_association_id                  = (known after apply)
      + ipv6_cidr_block                      = (known after apply)
      + ipv6_cidr_block_network_border_group = (known after apply)
      + main_route_table_id                  = (known after apply)
      + owner_id                             = (known after apply)
      + tags_all                             = (known after apply)
    }

Plan: 22 to add, 0 to change, 0 to destroy.

───────────────────────────────────────────────────────────────────────────────────────────────────────────────────────

Saved the plan to: tfplan

To perform exactly these actions, run the following command to apply:
    terraform apply "tfplan"

C:\Users\Yuukitore\Downloads\app-notifier\terraform>terraform apply -auto-approve -input=false tfplan
module.network.aws_vpc.vpc: Creating...
module.database.aws_db_parameter_group.rds_param_group: Creating...
module.database.aws_db_parameter_group.rds_param_group: Creation complete after 6s [id=rds-param-group-notifier]
module.network.aws_vpc.vpc: Still creating... [10s elapsed]
module.network.aws_vpc.vpc: Creation complete after 14s [id=vpc-096d879181f709d55]
module.network.aws_internet_gateway.igw: Creating...
module.network.aws_route_table.rt_priv: Creating...
module.network.aws_subnet.sn_priv_az1: Creating...
module.network.aws_subnet.sn_priv_az2: Creating...
module.network.aws_subnet.sn_pub_az1: Creating...
module.network.aws_subnet.sn_pub_az2: Creating...
module.compute.aws_lb_target_group.ec2_lb_tg: Creating...
module.network.aws_security_group.vpc_sg_priv: Creating...
module.network.aws_security_group.vpc_sg_pub: Creating...
module.network.aws_route_table.rt_priv: Creation complete after 2s [id=rtb-0c7f5f1e74e1e694a]
module.network.aws_internet_gateway.igw: Creation complete after 2s [id=igw-0cedea4e224d3d7b5]
module.network.aws_route_table.rt_pub: Creating...
module.network.aws_subnet.sn_priv_az2: Creation complete after 2s [id=subnet-0d90cc49b673e73a3]
module.network.aws_route_table_association.rt_pub_sn_priv_az2: Creating...
module.network.aws_subnet.sn_priv_az1: Creation complete after 2s [id=subnet-0e5d4074a761d7ad8]
module.network.aws_route_table_association.rt_pub_sn_priv_az1: Creating...
module.database.aws_db_subnet_group.rds_sn_group: Creating...
module.network.aws_route_table_association.rt_pub_sn_priv_az2: Creation complete after 1s [id=rtbassoc-09efea63ee5dbfcb9]
module.network.aws_route_table_association.rt_pub_sn_priv_az1: Creation complete after 1s [id=rtbassoc-0aa4c8867f5d0ed92]
module.compute.aws_lb_target_group.ec2_lb_tg: Creation complete after 3s [id=arn:aws:elasticloadbalancing:us-east-1:146010077986:targetgroup/ec2-lb-tg-notifier/7e416e662383634a]
module.database.aws_db_subnet_group.rds_sn_group: Creation complete after 1s [id=rds-sn-group-notifier]
module.network.aws_route_table.rt_pub: Creation complete after 1s [id=rtb-024d7f95ecd70a733]
module.network.aws_security_group.vpc_sg_priv: Creation complete after 4s [id=sg-0b6e5c38abcaa53ed]
module.database.aws_db_instance.rds_dbinstance: Creating...
module.network.aws_security_group.vpc_sg_pub: Creation complete after 4s [id=sg-0bd1e76b211f4141e]
module.network.aws_subnet.sn_pub_az2: Still creating... [10s elapsed]
module.network.aws_subnet.sn_pub_az1: Still creating... [10s elapsed]
module.network.aws_subnet.sn_pub_az1: Creation complete after 12s [id=subnet-048b8b5c1e50ccfe6]
module.network.aws_route_table_association.rt_pub_sn_pub_az1: Creating...
module.network.aws_subnet.sn_pub_az2: Creation complete after 12s [id=subnet-0b0e238efcc9014d7]
module.network.aws_route_table_association.rt_pub_sn_pub_az2: Creating...
module.compute.aws_lb.ec2_lb: Creating...
module.network.aws_route_table_association.rt_pub_sn_pub_az1: Creation complete after 1s [id=rtbassoc-0e0bd44eb6a4a821a]module.network.aws_route_table_association.rt_pub_sn_pub_az2: Creation complete after 1s [id=rtbassoc-004e008816779e1cd]module.database.aws_db_instance.rds_dbinstance: Still creating... [10s elapsed]
module.compute.aws_lb.ec2_lb: Still creating... [10s elapsed]
module.database.aws_db_instance.rds_dbinstance: Still creating... [20s elapsed]
module.compute.aws_lb.ec2_lb: Still creating... [20s elapsed]
module.database.aws_db_instance.rds_dbinstance: Still creating... [30s elapsed]
module.compute.aws_lb.ec2_lb: Still creating... [31s elapsed]
module.database.aws_db_instance.rds_dbinstance: Still creating... [40s elapsed]
module.compute.aws_lb.ec2_lb: Still creating... [41s elapsed]
module.database.aws_db_instance.rds_dbinstance: Still creating... [50s elapsed]
module.compute.aws_lb.ec2_lb: Still creating... [51s elapsed]
module.database.aws_db_instance.rds_dbinstance: Still creating... [1m0s elapsed]
module.compute.aws_lb.ec2_lb: Still creating... [1m1s elapsed]
module.database.aws_db_instance.rds_dbinstance: Still creating... [1m10s elapsed]
module.compute.aws_lb.ec2_lb: Still creating... [1m11s elapsed]
module.database.aws_db_instance.rds_dbinstance: Still creating... [1m20s elapsed]
module.compute.aws_lb.ec2_lb: Still creating... [1m21s elapsed]
module.database.aws_db_instance.rds_dbinstance: Still creating... [1m30s elapsed]
module.compute.aws_lb.ec2_lb: Still creating... [1m31s elapsed]
module.database.aws_db_instance.rds_dbinstance: Still creating... [1m40s elapsed]
module.compute.aws_lb.ec2_lb: Still creating... [1m41s elapsed]
module.database.aws_db_instance.rds_dbinstance: Still creating... [1m50s elapsed]
module.compute.aws_lb.ec2_lb: Still creating... [1m51s elapsed]
module.database.aws_db_instance.rds_dbinstance: Still creating... [2m0s elapsed]
module.compute.aws_lb.ec2_lb: Still creating... [2m1s elapsed]
module.database.aws_db_instance.rds_dbinstance: Still creating... [2m10s elapsed]
module.compute.aws_lb.ec2_lb: Still creating... [2m11s elapsed]
module.database.aws_db_instance.rds_dbinstance: Still creating... [2m20s elapsed]
module.compute.aws_lb.ec2_lb: Creation complete after 2m15s [id=arn:aws:elasticloadbalancing:us-east-1:146010077986:loadbalancer/app/ec2-lb-notifier/90a72372f7b7122a]
module.compute.aws_lb_listener.ec2_lb_listener: Creating...
module.compute.aws_lb_listener.ec2_lb_listener: Creation complete after 0s [id=arn:aws:elasticloadbalancing:us-east-1:146010077986:listener/app/ec2-lb-notifier/90a72372f7b7122a/a2ba96fd5d785a39]
module.database.aws_db_instance.rds_dbinstance: Still creating... [2m30s elapsed]
module.database.aws_db_instance.rds_dbinstance: Still creating... [2m40s elapsed]
module.database.aws_db_instance.rds_dbinstance: Still creating... [2m50s elapsed]
module.database.aws_db_instance.rds_dbinstance: Still creating... [3m0s elapsed]
module.database.aws_db_instance.rds_dbinstance: Still creating... [3m10s elapsed]
module.database.aws_db_instance.rds_dbinstance: Still creating... [3m21s elapsed]
module.database.aws_db_instance.rds_dbinstance: Still creating... [3m31s elapsed]
module.database.aws_db_instance.rds_dbinstance: Still creating... [3m41s elapsed]
module.database.aws_db_instance.rds_dbinstance: Still creating... [3m51s elapsed]
module.database.aws_db_instance.rds_dbinstance: Still creating... [4m1s elapsed]
module.database.aws_db_instance.rds_dbinstance: Still creating... [4m11s elapsed]
module.database.aws_db_instance.rds_dbinstance: Still creating... [4m21s elapsed]
module.database.aws_db_instance.rds_dbinstance: Still creating... [4m31s elapsed]
module.database.aws_db_instance.rds_dbinstance: Still creating... [4m41s elapsed]
module.database.aws_db_instance.rds_dbinstance: Still creating... [4m51s elapsed]
module.database.aws_db_instance.rds_dbinstance: Still creating... [5m1s elapsed]
module.database.aws_db_instance.rds_dbinstance: Still creating... [5m11s elapsed]
module.database.aws_db_instance.rds_dbinstance: Still creating... [5m21s elapsed]
module.database.aws_db_instance.rds_dbinstance: Still creating... [5m31s elapsed]
module.database.aws_db_instance.rds_dbinstance: Still creating... [5m41s elapsed]
module.database.aws_db_instance.rds_dbinstance: Still creating... [5m51s elapsed]
module.database.aws_db_instance.rds_dbinstance: Still creating... [6m1s elapsed]
module.database.aws_db_instance.rds_dbinstance: Still creating... [6m11s elapsed]
module.database.aws_db_instance.rds_dbinstance: Still creating... [6m21s elapsed]
module.database.aws_db_instance.rds_dbinstance: Still creating... [6m31s elapsed]
module.database.aws_db_instance.rds_dbinstance: Still creating... [6m41s elapsed]
module.database.aws_db_instance.rds_dbinstance: Still creating... [6m51s elapsed]
module.database.aws_db_instance.rds_dbinstance: Creation complete after 6m53s [id=rds-notifier]
module.compute.data.template_file.user_data: Reading...
module.compute.data.template_file.user_data: Read complete after 0s [id=05e658acad62d5a87c109fb3c0f97c588007fb4208d6cc26a3212b2dd593f549]
module.compute.aws_launch_template.ec2_lt: Creating...
module.compute.aws_launch_template.ec2_lt: Creation complete after 1s [id=lt-07b7b798ed15eada7]
module.compute.aws_autoscaling_group.ec2_asg: Creating...
module.compute.aws_autoscaling_group.ec2_asg: Still creating... [10s elapsed]
module.compute.aws_autoscaling_group.ec2_asg: Still creating... [20s elapsed]
module.compute.aws_autoscaling_group.ec2_asg: Still creating... [30s elapsed]
module.compute.aws_autoscaling_group.ec2_asg: Still creating... [40s elapsed]
module.compute.aws_autoscaling_group.ec2_asg: Still creating... [50s elapsed]
module.compute.aws_autoscaling_group.ec2_asg: Still creating... [1m0s elapsed]
module.compute.aws_autoscaling_group.ec2_asg: Still creating... [1m10s elapsed]
module.compute.aws_autoscaling_group.ec2_asg: Still creating... [1m20s elapsed]
module.compute.aws_autoscaling_group.ec2_asg: Creation complete after 1m28s [id=ec2-asg-notifier]

Apply complete! Resources: 22 added, 0 changed, 0 destroyed.

C:\Users\Yuukitore\Downloads\app-notifier\terraform>terraform show
# module.compute.data.template_file.user_data:
data "template_file" "user_data" {
    id       = "05e658acad62d5a87c109fb3c0f97c588007fb4208d6cc26a3212b2dd593f549"
    rendered = <<-EOT
        #!/bin/bash


        # 1- Update/Install required OS packages
        yum update -y
        amazon-linux-extras install -y php7.2 epel
        yum install -y httpd mysql php-mtdowling-jmespath-php php-xml telnet tree git


        # 2- (Optional) Enable PHP to send AWS SNS events
        # NOTE: If uncommented, more configs are required
        # - Step 4: Deploy PHP app
        # - Module Compute: compute.tf and vars.tf manifests

        # 2.1- Config AWS SDK for PHP
        # mkdir -p /opt/aws/sdk/php/
        # cd /opt/aws/sdk/php/
        # wget https://docs.aws.amazon.com/aws-sdk-php/v3/download/aws.zip
        # unzip aws.zip

        # 2.2- Config AWS Account
        # mkdir -p /var/www/html/.aws/
        # cat <<EOT >> /var/www/html/.aws/credentials
        # [default]
        # aws_access_key_id=12345
        # aws_secret_access_key=12345
        # aws_session_token=12345
        # EOT


        # 3- Config PHP app Connection to Database
        cat <<EOT >> /var/www/config.php
        <?php
        define('DB_SERVER', 'rds-notifier.c89ruratic48.us-east-1.rds.amazonaws.com:3306');
        define('DB_USERNAME', 'rdsdbadmin');
        define('DB_PASSWORD', 'rdsdbadminpwd');
        define('DB_DATABASE', 'rdsdbnotifier');
        ?>
        EOT


        # 4- Deploy PHP app
        cd /tmp
        git clone https://github.com/kledsonhugo/notifier
        cp /tmp/notifier/app/*.php /var/www/html/
        # mv /var/www/html/sendsms.php /var/www/html/index.php
        rm -rf /tmp/notifier


        # 5- Config Apache WebServer
        usermod -a -G apache ec2-user
        chown -R ec2-user:apache /var/www
        chmod 2775 /var/www
        find /var/www -type d -exec chmod 2775 {} \;
        find /var/www -type f -exec chmod 0664 {} \;


        # 6- Start Apache WebServer
        systemctl enable httpd
        service httpd restart
    EOT
    template = <<-EOT
        #!/bin/bash


        # 1- Update/Install required OS packages
        yum update -y
        amazon-linux-extras install -y php7.2 epel
        yum install -y httpd mysql php-mtdowling-jmespath-php php-xml telnet tree git


        # 2- (Optional) Enable PHP to send AWS SNS events
        # NOTE: If uncommented, more configs are required
        # - Step 4: Deploy PHP app
        # - Module Compute: compute.tf and vars.tf manifests

        # 2.1- Config AWS SDK for PHP
        # mkdir -p /opt/aws/sdk/php/
        # cd /opt/aws/sdk/php/
        # wget https://docs.aws.amazon.com/aws-sdk-php/v3/download/aws.zip
        # unzip aws.zip

        # 2.2- Config AWS Account
        # mkdir -p /var/www/html/.aws/
        # cat <<EOT >> /var/www/html/.aws/credentials
        # [default]
        # aws_access_key_id=12345
        # aws_secret_access_key=12345
        # aws_session_token=12345
        # EOT


        # 3- Config PHP app Connection to Database
        cat <<EOT >> /var/www/config.php
        <?php
        define('DB_SERVER', '${rds_endpoint}');
        define('DB_USERNAME', '${rds_dbuser}');
        define('DB_PASSWORD', '${rds_dbpassword}');
        define('DB_DATABASE', '${rds_dbname}');
        ?>
        EOT


        # 4- Deploy PHP app
        cd /tmp
        git clone https://github.com/kledsonhugo/notifier
        cp /tmp/notifier/app/*.php /var/www/html/
        # mv /var/www/html/sendsms.php /var/www/html/index.php
        rm -rf /tmp/notifier


        # 5- Config Apache WebServer
        usermod -a -G apache ec2-user
        chown -R ec2-user:apache /var/www
        chmod 2775 /var/www
        find /var/www -type d -exec chmod 2775 {} \;
        find /var/www -type f -exec chmod 0664 {} \;


        # 6- Start Apache WebServer
        systemctl enable httpd
        service httpd restart
    EOT
    vars     = {
        "rds_dbname"     = "rdsdbnotifier"
        "rds_dbpassword" = "rdsdbadminpwd"
        "rds_dbuser"     = "rdsdbadmin"
        "rds_endpoint"   = "rds-notifier.c89ruratic48.us-east-1.rds.amazonaws.com:3306"
    }
}

# module.compute.aws_autoscaling_group.ec2_asg:
resource "aws_autoscaling_group" "ec2_asg" {
    arn                       = "arn:aws:autoscaling:us-east-1:146010077986:autoScalingGroup:283c6c8e-5d63-4f37-a8ca-a0d77674ee4a:autoScalingGroupName/ec2-asg-notifier"
    availability_zones        = [
        "us-east-1a",
        "us-east-1c",
    ]
    capacity_rebalance        = false
    default_cooldown          = 300
    default_instance_warmup   = 0
    desired_capacity          = 4
    force_delete              = false
    force_delete_warm_pool    = false
    health_check_grace_period = 300
    health_check_type         = "EC2"
    id                        = "ec2-asg-notifier"
    max_instance_lifetime     = 0
    max_size                  = 8
    metrics_granularity       = "1Minute"
    min_size                  = 2
    name                      = "ec2-asg-notifier"
    protect_from_scale_in     = false
    service_linked_role_arn   = "arn:aws:iam::146010077986:role/aws-service-role/autoscaling.amazonaws.com/AWSServiceRoleForAutoScaling"
    target_group_arns         = [
        "arn:aws:elasticloadbalancing:us-east-1:146010077986:targetgroup/ec2-lb-tg-notifier/7e416e662383634a",
    ]
    vpc_zone_identifier       = [
        "subnet-048b8b5c1e50ccfe6",
        "subnet-0b0e238efcc9014d7",
    ]
    wait_for_capacity_timeout = "10m"

    launch_template {
        id      = "lt-07b7b798ed15eada7"
        name    = "ec2-lt-notifier"
        version = "$Latest"
    }
}

# module.compute.aws_launch_template.ec2_lt:
resource "aws_launch_template" "ec2_lt" {
    arn                     = "arn:aws:ec2:us-east-1:146010077986:launch-template/lt-07b7b798ed15eada7"
    default_version         = 1
    disable_api_stop        = false
    disable_api_termination = false
    id                      = "lt-07b7b798ed15eada7"
    image_id                = "ami-069aabeee6f53e7bf"
    instance_type           = "t2.micro"
    key_name                = "vockey"
    latest_version          = 1
    name                    = "ec2-lt-notifier"
    tags_all                = {}
    user_data               = "IyEvYmluL2Jhc2gNCg0KDQojIDEtIFVwZGF0ZS9JbnN0YWxsIHJlcXVpcmVkIE9TIHBhY2thZ2VzDQp5dW0gdXBkYXRlIC15DQphbWF6b24tbGludXgtZXh0cmFzIGluc3RhbGwgLXkgcGhwNy4yIGVwZWwNCnl1bSBpbnN0YWxsIC15IGh0dHBkIG15c3FsIHBocC1tdGRvd2xpbmctam1lc3BhdGgtcGhwIHBocC14bWwgdGVsbmV0IHRyZWUgZ2l0DQoNCg0KIyAyLSAoT3B0aW9uYWwpIEVuYWJsZSBQSFAgdG8gc2VuZCBBV1MgU05TIGV2ZW50cw0KIyBOT1RFOiBJZiB1bmNvbW1lbnRlZCwgbW9yZSBjb25maWdzIGFyZSByZXF1aXJlZA0KIyAtIFN0ZXAgNDogRGVwbG95IFBIUCBhcHANCiMgLSBNb2R1bGUgQ29tcHV0ZTogY29tcHV0ZS50ZiBhbmQgdmFycy50ZiBtYW5pZmVzdHMNCg0KIyAyLjEtIENvbmZpZyBBV1MgU0RLIGZvciBQSFANCiMgbWtkaXIgLXAgL29wdC9hd3Mvc2RrL3BocC8NCiMgY2QgL29wdC9hd3Mvc2RrL3BocC8NCiMgd2dldCBodHRwczovL2RvY3MuYXdzLmFtYXpvbi5jb20vYXdzLXNkay1waHAvdjMvZG93bmxvYWQvYXdzLnppcA0KIyB1bnppcCBhd3MuemlwDQoNCiMgMi4yLSBDb25maWcgQVdTIEFjY291bnQNCiMgbWtkaXIgLXAgL3Zhci93d3cvaHRtbC8uYXdzLw0KIyBjYXQgPDxFT1QgPj4gL3Zhci93d3cvaHRtbC8uYXdzL2NyZWRlbnRpYWxzDQojIFtkZWZhdWx0XQ0KIyBhd3NfYWNjZXNzX2tleV9pZD0xMjM0NQ0KIyBhd3Nfc2VjcmV0X2FjY2Vzc19rZXk9MTIzNDUNCiMgYXdzX3Nlc3Npb25fdG9rZW49MTIzNDUNCiMgRU9UDQoNCg0KIyAzLSBDb25maWcgUEhQIGFwcCBDb25uZWN0aW9uIHRvIERhdGFiYXNlDQpjYXQgPDxFT1QgPj4gL3Zhci93d3cvY29uZmlnLnBocA0KPD9waHANCmRlZmluZSgnREJfU0VSVkVSJywgJ3Jkcy1ub3RpZmllci5jODlydXJhdGljNDgudXMtZWFzdC0xLnJkcy5hbWF6b25hd3MuY29tOjMzMDYnKTsNCmRlZmluZSgnREJfVVNFUk5BTUUnLCAncmRzZGJhZG1pbicpOw0KZGVmaW5lKCdEQl9QQVNTV09SRCcsICdyZHNkYmFkbWlucHdkJyk7DQpkZWZpbmUoJ0RCX0RBVEFCQVNFJywgJ3Jkc2Ribm90aWZpZXInKTsNCj8+DQpFT1QNCg0KDQojIDQtIERlcGxveSBQSFAgYXBwDQpjZCAvdG1wDQpnaXQgY2xvbmUgaHR0cHM6Ly9naXRodWIuY29tL2tsZWRzb25odWdvL25vdGlmaWVyDQpjcCAvdG1wL25vdGlmaWVyL2FwcC8qLnBocCAvdmFyL3d3dy9odG1sLw0KIyBtdiAvdmFyL3d3dy9odG1sL3NlbmRzbXMucGhwIC92YXIvd3d3L2h0bWwvaW5kZXgucGhwDQpybSAtcmYgL3RtcC9ub3RpZmllcg0KDQoNCiMgNS0gQ29uZmlnIEFwYWNoZSBXZWJTZXJ2ZXINCnVzZXJtb2QgLWEgLUcgYXBhY2hlIGVjMi11c2VyDQpjaG93biAtUiBlYzItdXNlcjphcGFjaGUgL3Zhci93d3cNCmNobW9kIDI3NzUgL3Zhci93d3cNCmZpbmQgL3Zhci93d3cgLXR5cGUgZCAtZXhlYyBjaG1vZCAyNzc1IHt9IFw7DQpmaW5kIC92YXIvd3d3IC10eXBlIGYgLWV4ZWMgY2htb2QgMDY2NCB7fSBcOw0KDQoNCiMgNi0gU3RhcnQgQXBhY2hlIFdlYlNlcnZlcg0Kc3lzdGVtY3RsIGVuYWJsZSBodHRwZA0Kc2VydmljZSBodHRwZCByZXN0YXJ0"
    vpc_security_group_ids  = [
        "sg-0bd1e76b211f4141e",
    ]
}

# module.compute.aws_lb.ec2_lb:
resource "aws_lb" "ec2_lb" {
    arn                                         = "arn:aws:elasticloadbalancing:us-east-1:146010077986:loadbalancer/app/ec2-lb-notifier/90a72372f7b7122a"
    arn_suffix                                  = "app/ec2-lb-notifier/90a72372f7b7122a"
    desync_mitigation_mode                      = "defensive"
    dns_name                                    = "ec2-lb-notifier-191333179.us-east-1.elb.amazonaws.com"
    drop_invalid_header_fields                  = false
    enable_cross_zone_load_balancing            = true
    enable_deletion_protection                  = false
    enable_http2                                = true
    enable_tls_version_and_cipher_suite_headers = false
    enable_waf_fail_open                        = false
    enable_xff_client_port                      = false
    id                                          = "arn:aws:elasticloadbalancing:us-east-1:146010077986:loadbalancer/app/ec2-lb-notifier/90a72372f7b7122a"
    idle_timeout                                = 60
    internal                                    = false
    ip_address_type                             = "ipv4"
    load_balancer_type                          = "application"
    name                                        = "ec2-lb-notifier"
    preserve_host_header                        = false
    security_groups                             = [
        "sg-0bd1e76b211f4141e",
    ]
    subnets                                     = [
        "subnet-048b8b5c1e50ccfe6",
        "subnet-0b0e238efcc9014d7",
    ]
    tags_all                                    = {}
    vpc_id                                      = "vpc-096d879181f709d55"
    xff_header_processing_mode                  = "append"
    zone_id                                     = "Z35SXDOTRQ7X7K"

    access_logs {
        enabled = false
    }

    subnet_mapping {
        subnet_id = "subnet-048b8b5c1e50ccfe6"
    }
    subnet_mapping {
        subnet_id = "subnet-0b0e238efcc9014d7"
    }
}

# module.compute.aws_lb_listener.ec2_lb_listener:
resource "aws_lb_listener" "ec2_lb_listener" {
    arn               = "arn:aws:elasticloadbalancing:us-east-1:146010077986:listener/app/ec2-lb-notifier/90a72372f7b7122a/a2ba96fd5d785a39"
    id                = "arn:aws:elasticloadbalancing:us-east-1:146010077986:listener/app/ec2-lb-notifier/90a72372f7b7122a/a2ba96fd5d785a39"
    load_balancer_arn = "arn:aws:elasticloadbalancing:us-east-1:146010077986:loadbalancer/app/ec2-lb-notifier/90a72372f7b7122a"
    port              = 80
    protocol          = "HTTP"
    tags_all          = {}

    default_action {
        order            = 1
        target_group_arn = "arn:aws:elasticloadbalancing:us-east-1:146010077986:targetgroup/ec2-lb-tg-notifier/7e416e662383634a"
        type             = "forward"
    }
}

# module.compute.aws_lb_target_group.ec2_lb_tg:
resource "aws_lb_target_group" "ec2_lb_tg" {
    arn                                = "arn:aws:elasticloadbalancing:us-east-1:146010077986:targetgroup/ec2-lb-tg-notifier/7e416e662383634a"
    arn_suffix                         = "targetgroup/ec2-lb-tg-notifier/7e416e662383634a"
    connection_termination             = false
    deregistration_delay               = "300"
    id                                 = "arn:aws:elasticloadbalancing:us-east-1:146010077986:targetgroup/ec2-lb-tg-notifier/7e416e662383634a"
    ip_address_type                    = "ipv4"
    lambda_multi_value_headers_enabled = false
    load_balancing_algorithm_type      = "round_robin"
    load_balancing_cross_zone_enabled  = "use_load_balancer_configuration"
    name                               = "ec2-lb-tg-notifier"
    port                               = 80
    protocol                           = "HTTP"
    protocol_version                   = "HTTP1"
    proxy_protocol_v2                  = false
    slow_start                         = 0
    tags_all                           = {}
    target_type                        = "instance"
    vpc_id                             = "vpc-096d879181f709d55"

    health_check {
        enabled             = true
        healthy_threshold   = 5
        interval            = 30
        matcher             = "200"
        path                = "/"
        port                = "traffic-port"
        protocol            = "HTTP"
        timeout             = 5
        unhealthy_threshold = 2
    }

    stickiness {
        cookie_duration = 86400
        enabled         = false
        type            = "lb_cookie"
    }

    target_failover {}
}
# module.database.aws_db_instance.rds_dbinstance:
resource "aws_db_instance" "rds_dbinstance" {
    address                               = "rds-notifier.c89ruratic48.us-east-1.rds.amazonaws.com"
    allocated_storage                     = 20
    apply_immediately                     = false
    arn                                   = "arn:aws:rds:us-east-1:146010077986:db:rds-notifier"
    auto_minor_version_upgrade            = true
    availability_zone                     = "us-east-1a"
    backup_retention_period               = 0
    backup_window                         = "08:48-09:18"
    ca_cert_identifier                    = "rds-ca-2019"
    copy_tags_to_snapshot                 = false
    customer_owned_ip_enabled             = false
    db_name                               = "rdsdbnotifier"
    db_subnet_group_name                  = "rds-sn-group-notifier"
    delete_automated_backups              = true
    deletion_protection                   = false
    endpoint                              = "rds-notifier.c89ruratic48.us-east-1.rds.amazonaws.com:3306"
    engine                                = "mysql"
    engine_version                        = "8.0.23"
    engine_version_actual                 = "8.0.23"
    hosted_zone_id                        = "Z2R2ITUGPM61AM"
    iam_database_authentication_enabled   = false
    id                                    = "rds-notifier"
    identifier                            = "rds-notifier"
    instance_class                        = "db.t2.micro"
    iops                                  = 0
    license_model                         = "general-public-license"
    listener_endpoint                     = []
    maintenance_window                    = "thu:04:54-thu:05:24"
    master_user_secret                    = []
    max_allocated_storage                 = 0
    monitoring_interval                   = 0
    multi_az                              = false
    name                                  = "rdsdbnotifier"
    network_type                          = "IPV4"
    option_group_name                     = "default:mysql-8-0"
    parameter_group_name                  = "rds-param-group-notifier"
    password                              = "rdsdbadminpwd"
    performance_insights_enabled          = false
    performance_insights_retention_period = 0
    port                                  = 3306
    publicly_accessible                   = false
    replicas                              = []
    resource_id                           = "db-G6XVRLEYMHR4X3IETZMK6J7H3U"
    skip_final_snapshot                   = true
    status                                = "available"
    storage_encrypted                     = false
    storage_throughput                    = 0
    storage_type                          = "gp2"
    tags_all                              = {}
    username                              = "rdsdbadmin"
    vpc_security_group_ids                = [
        "sg-0b6e5c38abcaa53ed",
    ]
}

# module.database.aws_db_parameter_group.rds_param_group:
resource "aws_db_parameter_group" "rds_param_group" {
    arn         = "arn:aws:rds:us-east-1:146010077986:pg:rds-param-group-notifier"
    description = "Managed by Terraform"
    family      = "mysql8.0"
    id          = "rds-param-group-notifier"
    name        = "rds-param-group-notifier"
    tags_all    = {}

    parameter {
        apply_method = "immediate"
        name         = "character_set_database"
        value        = "utf8"
    }
    parameter {
        apply_method = "immediate"
        name         = "character_set_server"
        value        = "utf8"
    }
}

# module.database.aws_db_subnet_group.rds_sn_group:
resource "aws_db_subnet_group" "rds_sn_group" {
    arn                     = "arn:aws:rds:us-east-1:146010077986:subgrp:rds-sn-group-notifier"
    description             = "Managed by Terraform"
    id                      = "rds-sn-group-notifier"
    name                    = "rds-sn-group-notifier"
    subnet_ids              = [
        "subnet-0d90cc49b673e73a3",
        "subnet-0e5d4074a761d7ad8",
    ]
    supported_network_types = [
        "IPV4",
    ]
    tags_all                = {}
}
# module.network.aws_internet_gateway.igw:
resource "aws_internet_gateway" "igw" {
    arn      = "arn:aws:ec2:us-east-1:146010077986:internet-gateway/igw-0cedea4e224d3d7b5"
    id       = "igw-0cedea4e224d3d7b5"
    owner_id = "146010077986"
    tags_all = {}
    vpc_id   = "vpc-096d879181f709d55"
}

# module.network.aws_route_table.rt_priv:
resource "aws_route_table" "rt_priv" {
    arn              = "arn:aws:ec2:us-east-1:146010077986:route-table/rtb-0c7f5f1e74e1e694a"
    id               = "rtb-0c7f5f1e74e1e694a"
    owner_id         = "146010077986"
    propagating_vgws = []
    route            = []
    tags_all         = {}
    vpc_id           = "vpc-096d879181f709d55"
}

# module.network.aws_route_table.rt_pub:
resource "aws_route_table" "rt_pub" {
    arn              = "arn:aws:ec2:us-east-1:146010077986:route-table/rtb-024d7f95ecd70a733"
    id               = "rtb-024d7f95ecd70a733"
    owner_id         = "146010077986"
    propagating_vgws = []
    route            = [
        {
            carrier_gateway_id         = ""
            cidr_block                 = "0.0.0.0/0"
            core_network_arn           = ""
            destination_prefix_list_id = ""
            egress_only_gateway_id     = ""
            gateway_id                 = "igw-0cedea4e224d3d7b5"
            instance_id                = ""
            ipv6_cidr_block            = ""
            local_gateway_id           = ""
            nat_gateway_id             = ""
            network_interface_id       = ""
            transit_gateway_id         = ""
            vpc_endpoint_id            = ""
            vpc_peering_connection_id  = ""
        },
    ]
    tags_all         = {}
    vpc_id           = "vpc-096d879181f709d55"
}

# module.network.aws_route_table_association.rt_pub_sn_priv_az1:
resource "aws_route_table_association" "rt_pub_sn_priv_az1" {
    id             = "rtbassoc-0aa4c8867f5d0ed92"
    route_table_id = "rtb-0c7f5f1e74e1e694a"
    subnet_id      = "subnet-0e5d4074a761d7ad8"
}

# module.network.aws_route_table_association.rt_pub_sn_priv_az2:
resource "aws_route_table_association" "rt_pub_sn_priv_az2" {
    id             = "rtbassoc-09efea63ee5dbfcb9"
    route_table_id = "rtb-0c7f5f1e74e1e694a"
    subnet_id      = "subnet-0d90cc49b673e73a3"
}

# module.network.aws_route_table_association.rt_pub_sn_pub_az1:
resource "aws_route_table_association" "rt_pub_sn_pub_az1" {
    id             = "rtbassoc-0e0bd44eb6a4a821a"
    route_table_id = "rtb-024d7f95ecd70a733"
    subnet_id      = "subnet-048b8b5c1e50ccfe6"
}

# module.network.aws_route_table_association.rt_pub_sn_pub_az2:
resource "aws_route_table_association" "rt_pub_sn_pub_az2" {
    id             = "rtbassoc-004e008816779e1cd"
    route_table_id = "rtb-024d7f95ecd70a733"
    subnet_id      = "subnet-0b0e238efcc9014d7"
}

# module.network.aws_security_group.vpc_sg_priv:
resource "aws_security_group" "vpc_sg_priv" {
    arn                    = "arn:aws:ec2:us-east-1:146010077986:security-group/sg-0b6e5c38abcaa53ed"
    description            = "Managed by Terraform"
    egress                 = [
        {
            cidr_blocks      = [
                "0.0.0.0/0",
            ]
            description      = ""
            from_port        = 0
            ipv6_cidr_blocks = []
            prefix_list_ids  = []
            protocol         = "-1"
            security_groups  = []
            self             = false
            to_port          = 0
        },
    ]
    id                     = "sg-0b6e5c38abcaa53ed"
    ingress                = [
        {
            cidr_blocks      = [
                "10.0.0.0/16",
            ]
            description      = ""
            from_port        = 0
            ipv6_cidr_blocks = []
            prefix_list_ids  = []
            protocol         = "-1"
            security_groups  = []
            self             = false
            to_port          = 0
        },
    ]
    name                   = "terraform-20230427165436240400000001"
    name_prefix            = "terraform-"
    owner_id               = "146010077986"
    revoke_rules_on_delete = false
    tags_all               = {}
    vpc_id                 = "vpc-096d879181f709d55"
}

# module.network.aws_security_group.vpc_sg_pub:
resource "aws_security_group" "vpc_sg_pub" {
    arn                    = "arn:aws:ec2:us-east-1:146010077986:security-group/sg-0bd1e76b211f4141e"
    description            = "Managed by Terraform"
    egress                 = [
        {
            cidr_blocks      = [
                "0.0.0.0/0",
            ]
            description      = ""
            from_port        = 0
            ipv6_cidr_blocks = []
            prefix_list_ids  = []
            protocol         = "-1"
            security_groups  = []
            self             = false
            to_port          = 0
        },
    ]
    id                     = "sg-0bd1e76b211f4141e"
    ingress                = [
        {
            cidr_blocks      = [
                "0.0.0.0/0",
            ]
            description      = ""
            from_port        = 22
            ipv6_cidr_blocks = []
            prefix_list_ids  = []
            protocol         = "tcp"
            security_groups  = []
            self             = false
            to_port          = 22
        },
        {
            cidr_blocks      = [
                "0.0.0.0/0",
            ]
            description      = ""
            from_port        = 80
            ipv6_cidr_blocks = []
            prefix_list_ids  = []
            protocol         = "tcp"
            security_groups  = []
            self             = false
            to_port          = 80
        },
        {
            cidr_blocks      = [
                "10.0.0.0/16",
            ]
            description      = ""
            from_port        = 0
            ipv6_cidr_blocks = []
            prefix_list_ids  = []
            protocol         = "-1"
            security_groups  = []
            self             = false
            to_port          = 0
        },
    ]
    name                   = "terraform-20230427165436243600000002"
    name_prefix            = "terraform-"
    owner_id               = "146010077986"
    revoke_rules_on_delete = false
    tags_all               = {}
    vpc_id                 = "vpc-096d879181f709d55"
}

# module.network.aws_subnet.sn_priv_az1:
resource "aws_subnet" "sn_priv_az1" {
    arn                                            = "arn:aws:ec2:us-east-1:146010077986:subnet/subnet-0e5d4074a761d7ad8"
    assign_ipv6_address_on_creation                = false
    availability_zone                              = "us-east-1a"
    availability_zone_id                           = "use1-az2"
    cidr_block                                     = "10.0.3.0/24"
    enable_dns64                                   = false
    enable_lni_at_device_index                     = 0
    enable_resource_name_dns_a_record_on_launch    = false
    enable_resource_name_dns_aaaa_record_on_launch = false
    id                                             = "subnet-0e5d4074a761d7ad8"
    ipv6_native                                    = false
    map_customer_owned_ip_on_launch                = false
    map_public_ip_on_launch                        = false
    owner_id                                       = "146010077986"
    private_dns_hostname_type_on_launch            = "ip-name"
    tags_all                                       = {}
    vpc_id                                         = "vpc-096d879181f709d55"
}

# module.network.aws_subnet.sn_priv_az2:
resource "aws_subnet" "sn_priv_az2" {
    arn                                            = "arn:aws:ec2:us-east-1:146010077986:subnet/subnet-0d90cc49b673e73a3"
    assign_ipv6_address_on_creation                = false
    availability_zone                              = "us-east-1c"
    availability_zone_id                           = "use1-az6"
    cidr_block                                     = "10.0.4.0/24"
    enable_dns64                                   = false
    enable_lni_at_device_index                     = 0
    enable_resource_name_dns_a_record_on_launch    = false
    enable_resource_name_dns_aaaa_record_on_launch = false
    id                                             = "subnet-0d90cc49b673e73a3"
    ipv6_native                                    = false
    map_customer_owned_ip_on_launch                = false
    map_public_ip_on_launch                        = false
    owner_id                                       = "146010077986"
    private_dns_hostname_type_on_launch            = "ip-name"
    tags_all                                       = {}
    vpc_id                                         = "vpc-096d879181f709d55"
}

# module.network.aws_subnet.sn_pub_az1:
resource "aws_subnet" "sn_pub_az1" {
    arn                                            = "arn:aws:ec2:us-east-1:146010077986:subnet/subnet-048b8b5c1e50ccfe6"
    assign_ipv6_address_on_creation                = false
    availability_zone                              = "us-east-1a"
    availability_zone_id                           = "use1-az2"
    cidr_block                                     = "10.0.1.0/24"
    enable_dns64                                   = false
    enable_lni_at_device_index                     = 0
    enable_resource_name_dns_a_record_on_launch    = false
    enable_resource_name_dns_aaaa_record_on_launch = false
    id                                             = "subnet-048b8b5c1e50ccfe6"
    ipv6_native                                    = false
    map_customer_owned_ip_on_launch                = false
    map_public_ip_on_launch                        = true
    owner_id                                       = "146010077986"
    private_dns_hostname_type_on_launch            = "ip-name"
    tags_all                                       = {}
    vpc_id                                         = "vpc-096d879181f709d55"
}

# module.network.aws_subnet.sn_pub_az2:
resource "aws_subnet" "sn_pub_az2" {
    arn                                            = "arn:aws:ec2:us-east-1:146010077986:subnet/subnet-0b0e238efcc9014d7"
    assign_ipv6_address_on_creation                = false
    availability_zone                              = "us-east-1c"
    availability_zone_id                           = "use1-az6"
    cidr_block                                     = "10.0.2.0/24"
    enable_dns64                                   = false
    enable_lni_at_device_index                     = 0
    enable_resource_name_dns_a_record_on_launch    = false
    enable_resource_name_dns_aaaa_record_on_launch = false
    id                                             = "subnet-0b0e238efcc9014d7"
    ipv6_native                                    = false
    map_customer_owned_ip_on_launch                = false
    map_public_ip_on_launch                        = true
    owner_id                                       = "146010077986"
    private_dns_hostname_type_on_launch            = "ip-name"
    tags_all                                       = {}
    vpc_id                                         = "vpc-096d879181f709d55"
}

# module.network.aws_vpc.vpc:
resource "aws_vpc" "vpc" {
    arn                                  = "arn:aws:ec2:us-east-1:146010077986:vpc/vpc-096d879181f709d55"
    assign_generated_ipv6_cidr_block     = false
    cidr_block                           = "10.0.0.0/16"
    default_network_acl_id               = "acl-0ca84211f3454efbb"
    default_route_table_id               = "rtb-0fc4bd74d898df9ce"
    default_security_group_id            = "sg-062fc092cc3b97c26"
    dhcp_options_id                      = "dopt-073c4cdb2128f0093"
    enable_classiclink                   = false
    enable_classiclink_dns_support       = false
    enable_dns_hostnames                 = true
    enable_dns_support                   = true
    enable_network_address_usage_metrics = false
    id                                   = "vpc-096d879181f709d55"
    instance_tenancy                     = "default"
    ipv6_netmask_length                  = 0
    main_route_table_id                  = "rtb-0fc4bd74d898df9ce"
    owner_id                             = "146010077986"
    tags_all                             = {}
}

C:\Users\Yuukitore\Downloads\app-notifier\terraform>