C:\Users\Yuukitore\Downloads\app-notifier\terraform>terraform plan -input=false -out tfplan
module.network.aws_vpc.vpc: Refreshing state... [id=vpc-096d879181f709d55]
module.database.aws_db_parameter_group.rds_param_group: Refreshing state... [id=rds-param-group-notifier]
module.network.aws_route_table.rt_priv: Refreshing state... [id=rtb-0c7f5f1e74e1e694a]
module.network.aws_subnet.sn_priv_az2: Refreshing state... [id=subnet-0d90cc49b673e73a3]
module.network.aws_subnet.sn_priv_az1: Refreshing state... [id=subnet-0e5d4074a761d7ad8]
module.network.aws_subnet.sn_pub_az1: Refreshing state... [id=subnet-048b8b5c1e50ccfe6]
module.network.aws_internet_gateway.igw: Refreshing state... [id=igw-0cedea4e224d3d7b5]
module.network.aws_subnet.sn_pub_az2: Refreshing state... [id=subnet-0b0e238efcc9014d7]
module.compute.aws_lb_target_group.ec2_lb_tg: Refreshing state... [id=arn:aws:elasticloadbalancing:us-east-1:146010077986:targetgroup/ec2-lb-tg-notifier/7e416e662383634a]
module.network.aws_security_group.vpc_sg_priv: Refreshing state... [id=sg-0b6e5c38abcaa53ed]
module.network.aws_security_group.vpc_sg_pub: Refreshing state... [id=sg-0bd1e76b211f4141e]
module.network.aws_route_table_association.rt_pub_sn_priv_az2: Refreshing state... [id=rtbassoc-09efea63ee5dbfcb9]
module.network.aws_route_table_association.rt_pub_sn_priv_az1: Refreshing state... [id=rtbassoc-0aa4c8867f5d0ed92]
module.database.aws_db_subnet_group.rds_sn_group: Refreshing state... [id=rds-sn-group-notifier]
module.network.aws_route_table.rt_pub: Refreshing state... [id=rtb-024d7f95ecd70a733]
module.compute.aws_lb.ec2_lb: Refreshing state... [id=arn:aws:elasticloadbalancing:us-east-1:146010077986:loadbalancer/app/ec2-lb-notifier/90a72372f7b7122a]
module.network.aws_route_table_association.rt_pub_sn_pub_az2: Refreshing state... [id=rtbassoc-004e008816779e1cd]
module.network.aws_route_table_association.rt_pub_sn_pub_az1: Refreshing state... [id=rtbassoc-0e0bd44eb6a4a821a]
module.compute.aws_lb_listener.ec2_lb_listener: Refreshing state... [id=arn:aws:elasticloadbalancing:us-east-1:146010077986:listener/app/ec2-lb-notifier/90a72372f7b7122a/a2ba96fd5d785a39]
module.database.aws_db_instance.rds_dbinstance: Refreshing state... [id=rds-notifier]
module.compute.aws_launch_template.ec2_lt: Refreshing state... [id=lt-07b7b798ed15eada7]
module.compute.aws_autoscaling_group.ec2_asg: Refreshing state... [id=ec2-asg-notifier]

Terraform used the selected providers to generate the following execution plan. Resource actions are indicated with the
following symbols:
  ~ update in-place
-/+ destroy and then create replacement
 <= read (data resources)

Terraform will perform the following actions:

  # module.compute.data.template_file.user_data will be read during apply
  # (config refers to values not yet known)
 <= data "template_file" "user_data" {
      + id       = (known after apply)
      + rendered = (known after apply)
      + template = <<-EOT
            #!/bin/bash


            # 1- Update/Install required OS packages
            yum update -y
            amazon-linux-extras install -y php7.2 epel
            yum install -y httpd mysql php-mtdowling-jmespath-php php-xml telnet tree git


            # 2- (Optional) Enable PHP to send AWS SNS events
            # NOTE: If uncommented, more configs are required
            # - Step 4: Deploy PHP app
            # - Module Compute: compute.tf and vars.tf manifests

            # 2.1- Config AWS SDK for PHP
            # mkdir -p /opt/aws/sdk/php/
            # cd /opt/aws/sdk/php/
            # wget https://docs.aws.amazon.com/aws-sdk-php/v3/download/aws.zip
            # unzip aws.zip

            # 2.2- Config AWS Account
            # mkdir -p /var/www/html/.aws/
            # cat <<EOT >> /var/www/html/.aws/credentials
            # [default]
            # aws_access_key_id=12345
            # aws_secret_access_key=12345
            # aws_session_token=12345
            # EOT


            # 3- Config PHP app Connection to Database
            cat <<EOT >> /var/www/config.php
            <?php
            define('DB_SERVER', '${rds_endpoint}');
            define('DB_USERNAME', '${rds_dbuser}');
            define('DB_PASSWORD', '${rds_dbpassword}');
            define('DB_DATABASE', '${rds_dbname}');
            ?>
            EOT


            # 4- Deploy PHP app
            cd /tmp
            git clone https://github.com/kledsonhugo/notifier
            cp /tmp/notifier/app/*.php /var/www/html/
            # mv /var/www/html/sendsms.php /var/www/html/index.php
            rm -rf /tmp/notifier


            # 5- Config Apache WebServer
            usermod -a -G apache ec2-user
            chown -R ec2-user:apache /var/www
            chmod 2775 /var/www
            find /var/www -type d -exec chmod 2775 {} \;
            find /var/www -type f -exec chmod 0664 {} \;


            # 6- Start Apache WebServer
            systemctl enable httpd
            service httpd restart
        EOT
      + vars     = {
          + "rds_dbname"     = "rdsdbdaniele"
          + "rds_dbpassword" = "rdsdbadminpwd"
          + "rds_dbuser"     = "rdsdbadmin"
        }
    }

  # module.compute.aws_autoscaling_group.ec2_asg must be replaced
-/+ resource "aws_autoscaling_group" "ec2_asg" {
      ~ arn                       = "arn:aws:autoscaling:us-east-1:146010077986:autoScalingGroup:283c6c8e-5d63-4f37-a8ca-a0d77674ee4a:autoScalingGroupName/ec2-asg-notifier" -> (known after apply)
      ~ availability_zones        = [
          - "us-east-1a",
          - "us-east-1c",
        ] -> (known after apply)
      - capacity_rebalance        = false -> null
      ~ default_cooldown          = 300 -> (known after apply)
      - default_instance_warmup   = 0 -> null
      - enabled_metrics           = [] -> null
      ~ health_check_type         = "EC2" -> (known after apply)
      ~ id                        = "ec2-asg-notifier" -> (known after apply)
      - load_balancers            = [] -> null
      - max_instance_lifetime     = 0 -> null
      ~ name                      = "ec2-asg-notifier" -> "ec2-asg-daniele" # forces replacement
      + name_prefix               = (known after apply)
      ~ service_linked_role_arn   = "arn:aws:iam::146010077986:role/aws-service-role/autoscaling.amazonaws.com/AWSServiceRoleForAutoScaling" -> (known after apply)
      - suspended_processes       = [] -> null
      ~ target_group_arns         = [
          - "arn:aws:elasticloadbalancing:us-east-1:146010077986:targetgroup/ec2-lb-tg-notifier/7e416e662383634a",
        ] -> (known after apply)
      - termination_policies      = [] -> null
      ~ vpc_zone_identifier       = [
          - "subnet-048b8b5c1e50ccfe6",
          - "subnet-0b0e238efcc9014d7",
        ] -> (known after apply)
        # (9 unchanged attributes hidden)

      ~ launch_template {
          ~ id      = "lt-07b7b798ed15eada7" -> (known after apply)
          ~ name    = "ec2-lt-notifier" -> (known after apply)
            # (1 unchanged attribute hidden)
        }
    }

  # module.compute.aws_launch_template.ec2_lt must be replaced
-/+ resource "aws_launch_template" "ec2_lt" {
      ~ arn                     = "arn:aws:ec2:us-east-1:146010077986:launch-template/lt-07b7b798ed15eada7" -> (known after apply)
      ~ default_version         = 1 -> (known after apply)
      - disable_api_stop        = false -> null
      - disable_api_termination = false -> null
      ~ id                      = "lt-07b7b798ed15eada7" -> (known after apply)
      ~ latest_version          = 1 -> (known after apply)
      ~ name                    = "ec2-lt-notifier" -> "ec2-lt-daniele" # forces replacement
      + name_prefix             = (known after apply)
      - security_group_names    = [] -> null
      - tags                    = {} -> null
      ~ tags_all                = {} -> (known after apply)
      ~ user_data               = "IyEvYmluL2Jhc2gNCg0KDQojIDEtIFVwZGF0ZS9JbnN0YWxsIHJlcXVpcmVkIE9TIHBhY2thZ2VzDQp5dW0gdXBkYXRlIC15DQphbWF6b24tbGludXgtZXh0cmFzIGluc3RhbGwgLXkgcGhwNy4yIGVwZWwNCnl1bSBpbnN0YWxsIC15IGh0dHBkIG15c3FsIHBocC1tdGRvd2xpbmctam1lc3BhdGgtcGhwIHBocC14bWwgdGVsbmV0IHRyZWUgZ2l0DQoNCg0KIyAyLSAoT3B0aW9uYWwpIEVuYWJsZSBQSFAgdG8gc2VuZCBBV1MgU05TIGV2ZW50cw0KIyBOT1RFOiBJZiB1bmNvbW1lbnRlZCwgbW9yZSBjb25maWdzIGFyZSByZXF1aXJlZA0KIyAtIFN0ZXAgNDogRGVwbG95IFBIUCBhcHANCiMgLSBNb2R1bGUgQ29tcHV0ZTogY29tcHV0ZS50ZiBhbmQgdmFycy50ZiBtYW5pZmVzdHMNCg0KIyAyLjEtIENvbmZpZyBBV1MgU0RLIGZvciBQSFANCiMgbWtkaXIgLXAgL29wdC9hd3Mvc2RrL3BocC8NCiMgY2QgL29wdC9hd3Mvc2RrL3BocC8NCiMgd2dldCBodHRwczovL2RvY3MuYXdzLmFtYXpvbi5jb20vYXdzLXNkay1waHAvdjMvZG93bmxvYWQvYXdzLnppcA0KIyB1bnppcCBhd3MuemlwDQoNCiMgMi4yLSBDb25maWcgQVdTIEFjY291bnQNCiMgbWtkaXIgLXAgL3Zhci93d3cvaHRtbC8uYXdzLw0KIyBjYXQgPDxFT1QgPj4gL3Zhci93d3cvaHRtbC8uYXdzL2NyZWRlbnRpYWxzDQojIFtkZWZhdWx0XQ0KIyBhd3NfYWNjZXNzX2tleV9pZD0xMjM0NQ0KIyBhd3Nfc2VjcmV0X2FjY2Vzc19rZXk9MTIzNDUNCiMgYXdzX3Nlc3Npb25fdG9rZW49MTIzNDUNCiMgRU9UDQoNCg0KIyAzLSBDb25maWcgUEhQIGFwcCBDb25uZWN0aW9uIHRvIERhdGFiYXNlDQpjYXQgPDxFT1QgPj4gL3Zhci93d3cvY29uZmlnLnBocA0KPD9waHANCmRlZmluZSgnREJfU0VSVkVSJywgJ3Jkcy1ub3RpZmllci5jODlydXJhdGljNDgudXMtZWFzdC0xLnJkcy5hbWF6b25hd3MuY29tOjMzMDYnKTsNCmRlZmluZSgnREJfVVNFUk5BTUUnLCAncmRzZGJhZG1pbicpOw0KZGVmaW5lKCdEQl9QQVNTV09SRCcsICdyZHNkYmFkbWlucHdkJyk7DQpkZWZpbmUoJ0RCX0RBVEFCQVNFJywgJ3Jkc2Ribm90aWZpZXInKTsNCj8+DQpFT1QNCg0KDQojIDQtIERlcGxveSBQSFAgYXBwDQpjZCAvdG1wDQpnaXQgY2xvbmUgaHR0cHM6Ly9naXRodWIuY29tL2tsZWRzb25odWdvL25vdGlmaWVyDQpjcCAvdG1wL25vdGlmaWVyL2FwcC8qLnBocCAvdmFyL3d3dy9odG1sLw0KIyBtdiAvdmFyL3d3dy9odG1sL3NlbmRzbXMucGhwIC92YXIvd3d3L2h0bWwvaW5kZXgucGhwDQpybSAtcmYgL3RtcC9ub3RpZmllcg0KDQoNCiMgNS0gQ29uZmlnIEFwYWNoZSBXZWJTZXJ2ZXINCnVzZXJtb2QgLWEgLUcgYXBhY2hlIGVjMi11c2VyDQpjaG93biAtUiBlYzItdXNlcjphcGFjaGUgL3Zhci93d3cNCmNobW9kIDI3NzUgL3Zhci93d3cNCmZpbmQgL3Zhci93d3cgLXR5cGUgZCAtZXhlYyBjaG1vZCAyNzc1IHt9IFw7DQpmaW5kIC92YXIvd3d3IC10eXBlIGYgLWV4ZWMgY2htb2QgMDY2NCB7fSBcOw0KDQoNCiMgNi0gU3RhcnQgQXBhY2hlIFdlYlNlcnZlcg0Kc3lzdGVtY3RsIGVuYWJsZSBodHRwZA0Kc2VydmljZSBodHRwZCByZXN0YXJ0" -> (known after apply)
      ~ vpc_security_group_ids  = [
          - "sg-0bd1e76b211f4141e",
        ] -> (known after apply)
        # (3 unchanged attributes hidden)
    }

  # module.compute.aws_lb.ec2_lb must be replaced
-/+ resource "aws_lb" "ec2_lb" {
      ~ arn                                         = "arn:aws:elasticloadbalancing:us-east-1:146010077986:loadbalancer/app/ec2-lb-notifier/90a72372f7b7122a" -> (known after apply)
      ~ arn_suffix                                  = "app/ec2-lb-notifier/90a72372f7b7122a" -> (known after apply)
      ~ dns_name                                    = "ec2-lb-notifier-191333179.us-east-1.elb.amazonaws.com" -> (known after apply)
      - enable_cross_zone_load_balancing            = true -> null
      ~ id                                          = "arn:aws:elasticloadbalancing:us-east-1:146010077986:loadbalancer/app/ec2-lb-notifier/90a72372f7b7122a" -> (known after apply)
      ~ internal                                    = false -> (known after apply)
      ~ ip_address_type                             = "ipv4" -> (known after apply)
      ~ name                                        = "ec2-lb-notifier" -> "ec2-lb-daniele" # forces replacement
      ~ security_groups                             = [
          - "sg-0bd1e76b211f4141e",
        ] -> (known after apply)
      ~ subnets                                     = [
          - "subnet-048b8b5c1e50ccfe6",
          - "subnet-0b0e238efcc9014d7",
        ] -> (known after apply)
      - tags                                        = {} -> null
      ~ tags_all                                    = {} -> (known after apply)
      ~ vpc_id                                      = "vpc-096d879181f709d55" -> (known after apply)
      ~ zone_id                                     = "Z35SXDOTRQ7X7K" -> (known after apply)
        # (11 unchanged attributes hidden)

      - access_logs {
          - enabled = false -> null
        }

      - subnet_mapping {
          - subnet_id = "subnet-048b8b5c1e50ccfe6" -> null
        }
      - subnet_mapping {
          - subnet_id = "subnet-0b0e238efcc9014d7" -> null
        }
    }

  # module.compute.aws_lb_listener.ec2_lb_listener must be replaced
-/+ resource "aws_lb_listener" "ec2_lb_listener" {
      ~ arn               = "arn:aws:elasticloadbalancing:us-east-1:146010077986:listener/app/ec2-lb-notifier/90a72372f7b7122a/a2ba96fd5d785a39" -> (known after apply)
      ~ id                = "arn:aws:elasticloadbalancing:us-east-1:146010077986:listener/app/ec2-lb-notifier/90a72372f7b7122a/a2ba96fd5d785a39" -> (known after apply)
      ~ load_balancer_arn = "arn:aws:elasticloadbalancing:us-east-1:146010077986:loadbalancer/app/ec2-lb-notifier/90a72372f7b7122a" # forces replacement -> (known after apply)
      + ssl_policy        = (known after apply)
      - tags              = {} -> null
      ~ tags_all          = {} -> (known after apply)
        # (2 unchanged attributes hidden)

      ~ default_action {
          ~ order            = 1 -> (known after apply)
          ~ target_group_arn = "arn:aws:elasticloadbalancing:us-east-1:146010077986:targetgroup/ec2-lb-tg-notifier/7e416e662383634a" -> (known after apply)
            # (1 unchanged attribute hidden)
        }
    }

  # module.compute.aws_lb_target_group.ec2_lb_tg must be replaced
-/+ resource "aws_lb_target_group" "ec2_lb_tg" {
      ~ arn                                = "arn:aws:elasticloadbalancing:us-east-1:146010077986:targetgroup/ec2-lb-tg-notifier/7e416e662383634a" -> (known after apply)
      ~ arn_suffix                         = "targetgroup/ec2-lb-tg-notifier/7e416e662383634a" -> (known after apply)
      ~ id                                 = "arn:aws:elasticloadbalancing:us-east-1:146010077986:targetgroup/ec2-lb-tg-notifier/7e416e662383634a" -> (known after apply)
      ~ ip_address_type                    = "ipv4" -> (known after apply)
      ~ load_balancing_algorithm_type      = "round_robin" -> (known after apply)
      ~ load_balancing_cross_zone_enabled  = "use_load_balancer_configuration" -> (known after apply)
      ~ name                               = "ec2-lb-tg-notifier" -> "ec2-lb-tg-daniele" # forces replacement
      + preserve_client_ip                 = (known after apply)
      ~ protocol_version                   = "HTTP1" -> (known after apply)
      - tags                               = {} -> null
      ~ tags_all                           = {} -> (known after apply)
      ~ vpc_id                             = "vpc-096d879181f709d55" # forces replacement -> (known after apply)
        # (8 unchanged attributes hidden)

      - health_check {
          - enabled             = true -> null
          - healthy_threshold   = 5 -> null
          - interval            = 30 -> null
          - matcher             = "200" -> null
          - path                = "/" -> null
          - port                = "traffic-port" -> null
          - protocol            = "HTTP" -> null
          - timeout             = 5 -> null
          - unhealthy_threshold = 2 -> null
        }

      - stickiness {
          - cookie_duration = 86400 -> null
          - enabled         = false -> null
          - type            = "lb_cookie" -> null
        }

      - target_failover {}
    }

  # module.database.aws_db_instance.rds_dbinstance must be replaced
-/+ resource "aws_db_instance" "rds_dbinstance" {
      ~ address                               = "rds-notifier.c89ruratic48.us-east-1.rds.amazonaws.com" -> (known after apply)
      ~ arn                                   = "arn:aws:rds:us-east-1:146010077986:db:rds-notifier" -> (known after apply)
      ~ availability_zone                     = "us-east-1a" -> (known after apply)
      ~ backup_retention_period               = 0 -> (known after apply)
      ~ backup_window                         = "08:48-09:18" -> (known after apply)
      ~ ca_cert_identifier                    = "rds-ca-2019" -> (known after apply)
      + character_set_name                    = (known after apply)
      - customer_owned_ip_enabled             = false -> null
      ~ db_name                               = "rdsdbnotifier" -> "rdsdbdaniele" # forces replacement
      ~ db_subnet_group_name                  = "rds-sn-group-notifier" -> "rds-sn-group-daniele"
      - deletion_protection                   = false -> null
      - enabled_cloudwatch_logs_exports       = [] -> null
      ~ endpoint                              = "rds-notifier.c89ruratic48.us-east-1.rds.amazonaws.com:3306" -> (known after apply)
      ~ engine_version_actual                 = "8.0.23" -> (known after apply)
      ~ hosted_zone_id                        = "Z2R2ITUGPM61AM" -> (known after apply)
      - iam_database_authentication_enabled   = false -> null
      ~ id                                    = "rds-notifier" -> (known after apply)
      ~ identifier                            = "rds-notifier" -> "rds-daniele" # forces replacement
      + identifier_prefix                     = (known after apply)
      ~ iops                                  = 0 -> (known after apply)
      + kms_key_id                            = (known after apply)
      + latest_restorable_time                = (known after apply)
      ~ license_model                         = "general-public-license" -> (known after apply)
      ~ listener_endpoint                     = [] -> (known after apply)
      ~ maintenance_window                    = "thu:04:54-thu:05:24" -> (known after apply)
      ~ master_user_secret                    = [] -> (known after apply)
      + master_user_secret_kms_key_id         = (known after apply)
      + monitoring_role_arn                   = (known after apply)
      ~ name                                  = "rdsdbnotifier" -> (known after apply)
      + nchar_character_set_name              = (known after apply)
      ~ network_type                          = "IPV4" -> (known after apply)
      ~ option_group_name                     = "default:mysql-8-0" -> (known after apply)
      ~ parameter_group_name                  = "rds-param-group-notifier" -> "rds-param-group-daniele"
      + performance_insights_kms_key_id       = (known after apply)
      ~ performance_insights_retention_period = 0 -> (known after apply)
      ~ port                                  = 3306 -> (known after apply)
      + replica_mode                          = (known after apply)
      ~ replicas                              = [] -> (known after apply)
      ~ resource_id                           = "db-G6XVRLEYMHR4X3IETZMK6J7H3U" -> (known after apply)
      - security_group_names                  = [] -> null
      + snapshot_identifier                   = (known after apply)
      ~ status                                = "available" -> (known after apply)
      - storage_encrypted                     = false -> null
      ~ storage_throughput                    = 0 -> (known after apply)
      - tags                                  = {} -> null
      ~ tags_all                              = {} -> (known after apply)
      + timezone                              = (known after apply)
      ~ vpc_security_group_ids                = [
          - "sg-0b6e5c38abcaa53ed",
        ] -> (known after apply)
        # (17 unchanged attributes hidden)
    }

  # module.database.aws_db_parameter_group.rds_param_group must be replaced
-/+ resource "aws_db_parameter_group" "rds_param_group" {
      ~ arn         = "arn:aws:rds:us-east-1:146010077986:pg:rds-param-group-notifier" -> (known after apply)
      ~ id          = "rds-param-group-notifier" -> (known after apply)
      ~ name        = "rds-param-group-notifier" -> "rds-param-group-daniele" # forces replacement
      + name_prefix = (known after apply)
      - tags        = {} -> null
      ~ tags_all    = {} -> (known after apply)
        # (2 unchanged attributes hidden)

        # (2 unchanged blocks hidden)
    }

  # module.database.aws_db_subnet_group.rds_sn_group must be replaced
-/+ resource "aws_db_subnet_group" "rds_sn_group" {
      ~ arn                     = "arn:aws:rds:us-east-1:146010077986:subgrp:rds-sn-group-notifier" -> (known after apply)
      ~ id                      = "rds-sn-group-notifier" -> (known after apply)
      ~ name                    = "rds-sn-group-notifier" -> "rds-sn-group-daniele" # forces replacement
      + name_prefix             = (known after apply)
      ~ subnet_ids              = [
          - "subnet-0d90cc49b673e73a3",
          - "subnet-0e5d4074a761d7ad8",
        ] -> (known after apply)
      ~ supported_network_types = [
          - "IPV4",
        ] -> (known after apply)
      - tags                    = {} -> null
      ~ tags_all                = {} -> (known after apply)
        # (1 unchanged attribute hidden)
    }

  # module.network.aws_internet_gateway.igw will be updated in-place
  ~ resource "aws_internet_gateway" "igw" {
        id       = "igw-0cedea4e224d3d7b5"
        tags     = {}
      ~ vpc_id   = "vpc-096d879181f709d55" -> (known after apply)
        # (3 unchanged attributes hidden)
    }

  # module.network.aws_route_table.rt_priv must be replaced
-/+ resource "aws_route_table" "rt_priv" {
      ~ arn              = "arn:aws:ec2:us-east-1:146010077986:route-table/rtb-0c7f5f1e74e1e694a" -> (known after apply)
      ~ id               = "rtb-0c7f5f1e74e1e694a" -> (known after apply)
      ~ owner_id         = "146010077986" -> (known after apply)
      ~ propagating_vgws = [] -> (known after apply)
      ~ route            = [] -> (known after apply)
      - tags             = {} -> null
      ~ tags_all         = {} -> (known after apply)
      ~ vpc_id           = "vpc-096d879181f709d55" # forces replacement -> (known after apply)
    }

  # module.network.aws_route_table.rt_pub must be replaced
-/+ resource "aws_route_table" "rt_pub" {
      ~ arn              = "arn:aws:ec2:us-east-1:146010077986:route-table/rtb-024d7f95ecd70a733" -> (known after apply)
      ~ id               = "rtb-024d7f95ecd70a733" -> (known after apply)
      ~ owner_id         = "146010077986" -> (known after apply)
      ~ propagating_vgws = [] -> (known after apply)
      - tags             = {} -> null
      ~ tags_all         = {} -> (known after apply)
      ~ vpc_id           = "vpc-096d879181f709d55" # forces replacement -> (known after apply)
        # (1 unchanged attribute hidden)
    }

  # module.network.aws_route_table_association.rt_pub_sn_priv_az1 must be replaced
-/+ resource "aws_route_table_association" "rt_pub_sn_priv_az1" {
      ~ id             = "rtbassoc-0aa4c8867f5d0ed92" -> (known after apply)
      ~ route_table_id = "rtb-0c7f5f1e74e1e694a" -> (known after apply)
      ~ subnet_id      = "subnet-0e5d4074a761d7ad8" # forces replacement -> (known after apply)
    }

  # module.network.aws_route_table_association.rt_pub_sn_priv_az2 must be replaced
-/+ resource "aws_route_table_association" "rt_pub_sn_priv_az2" {
      ~ id             = "rtbassoc-09efea63ee5dbfcb9" -> (known after apply)
      ~ route_table_id = "rtb-0c7f5f1e74e1e694a" -> (known after apply)
      ~ subnet_id      = "subnet-0d90cc49b673e73a3" # forces replacement -> (known after apply)
    }

  # module.network.aws_route_table_association.rt_pub_sn_pub_az1 must be replaced
-/+ resource "aws_route_table_association" "rt_pub_sn_pub_az1" {
      ~ id             = "rtbassoc-0e0bd44eb6a4a821a" -> (known after apply)
      ~ route_table_id = "rtb-024d7f95ecd70a733" -> (known after apply)
      ~ subnet_id      = "subnet-048b8b5c1e50ccfe6" # forces replacement -> (known after apply)
    }

  # module.network.aws_route_table_association.rt_pub_sn_pub_az2 must be replaced
-/+ resource "aws_route_table_association" "rt_pub_sn_pub_az2" {
      ~ id             = "rtbassoc-004e008816779e1cd" -> (known after apply)
      ~ route_table_id = "rtb-024d7f95ecd70a733" -> (known after apply)
      ~ subnet_id      = "subnet-0b0e238efcc9014d7" # forces replacement -> (known after apply)
    }

  # module.network.aws_security_group.vpc_sg_priv must be replaced
-/+ resource "aws_security_group" "vpc_sg_priv" {
      ~ arn                    = "arn:aws:ec2:us-east-1:146010077986:security-group/sg-0b6e5c38abcaa53ed" -> (known after apply)
      ~ id                     = "sg-0b6e5c38abcaa53ed" -> (known after apply)
      ~ ingress                = [
          - {
              - cidr_blocks      = [
                  - "10.0.0.0/16",
                ]
              - description      = ""
              - from_port        = 0
              - ipv6_cidr_blocks = []
              - prefix_list_ids  = []
              - protocol         = "-1"
              - security_groups  = []
              - self             = false
              - to_port          = 0
            },
          + {
              + cidr_blocks      = [
                  + "30.0.0.0/16",
                ]
              + description      = ""
              + from_port        = 0
              + ipv6_cidr_blocks = []
              + prefix_list_ids  = []
              + protocol         = "-1"
              + security_groups  = []
              + self             = false
              + to_port          = 0
            },
        ]
      ~ name                   = "terraform-20230427165436240400000001" -> (known after apply)
      ~ name_prefix            = "terraform-" -> (known after apply)
      ~ owner_id               = "146010077986" -> (known after apply)
      - tags                   = {} -> null
      ~ tags_all               = {} -> (known after apply)
      ~ vpc_id                 = "vpc-096d879181f709d55" # forces replacement -> (known after apply)
        # (3 unchanged attributes hidden)
    }

  # module.network.aws_security_group.vpc_sg_pub must be replaced
-/+ resource "aws_security_group" "vpc_sg_pub" {
      ~ arn                    = "arn:aws:ec2:us-east-1:146010077986:security-group/sg-0bd1e76b211f4141e" -> (known after apply)
      ~ id                     = "sg-0bd1e76b211f4141e" -> (known after apply)
      ~ ingress                = [
          - {
              - cidr_blocks      = [
                  - "10.0.0.0/16",
                ]
              - description      = ""
              - from_port        = 0
              - ipv6_cidr_blocks = []
              - prefix_list_ids  = []
              - protocol         = "-1"
              - security_groups  = []
              - self             = false
              - to_port          = 0
            },
          + {
              + cidr_blocks      = [
                  + "30.0.0.0/16",
                ]
              + description      = ""
              + from_port        = 0
              + ipv6_cidr_blocks = []
              + prefix_list_ids  = []
              + protocol         = "-1"
              + security_groups  = []
              + self             = false
              + to_port          = 0
            },
            # (2 unchanged elements hidden)
        ]
      ~ name                   = "terraform-20230427165436243600000002" -> (known after apply)
      ~ name_prefix            = "terraform-" -> (known after apply)
      ~ owner_id               = "146010077986" -> (known after apply)
      - tags                   = {} -> null
      ~ tags_all               = {} -> (known after apply)
      ~ vpc_id                 = "vpc-096d879181f709d55" # forces replacement -> (known after apply)
        # (3 unchanged attributes hidden)
    }

  # module.network.aws_subnet.sn_priv_az1 must be replaced
-/+ resource "aws_subnet" "sn_priv_az1" {
      ~ arn                                            = "arn:aws:ec2:us-east-1:146010077986:subnet/subnet-0e5d4074a761d7ad8" -> (known after apply)
      ~ availability_zone_id                           = "use1-az2" -> (known after apply)
      ~ cidr_block                                     = "10.0.3.0/24" -> "30.0.3.0/24" # forces replacement
      - enable_lni_at_device_index                     = 0 -> null
      ~ id                                             = "subnet-0e5d4074a761d7ad8" -> (known after apply)
      + ipv6_cidr_block_association_id                 = (known after apply)
      - map_customer_owned_ip_on_launch                = false -> null
      ~ owner_id                                       = "146010077986" -> (known after apply)
      ~ private_dns_hostname_type_on_launch            = "ip-name" -> (known after apply)
      - tags                                           = {} -> null
      ~ tags_all                                       = {} -> (known after apply)
      ~ vpc_id                                         = "vpc-096d879181f709d55" # forces replacement -> (known after apply)
        # (7 unchanged attributes hidden)
    }

  # module.network.aws_subnet.sn_priv_az2 must be replaced
-/+ resource "aws_subnet" "sn_priv_az2" {
      ~ arn                                            = "arn:aws:ec2:us-east-1:146010077986:subnet/subnet-0d90cc49b673e73a3" -> (known after apply)
      ~ availability_zone_id                           = "use1-az6" -> (known after apply)
      ~ cidr_block                                     = "10.0.4.0/24" -> "30.0.4.0/24" # forces replacement
      - enable_lni_at_device_index                     = 0 -> null
      ~ id                                             = "subnet-0d90cc49b673e73a3" -> (known after apply)
      + ipv6_cidr_block_association_id                 = (known after apply)
      - map_customer_owned_ip_on_launch                = false -> null
      ~ owner_id                                       = "146010077986" -> (known after apply)
      ~ private_dns_hostname_type_on_launch            = "ip-name" -> (known after apply)
      - tags                                           = {} -> null
      ~ tags_all                                       = {} -> (known after apply)
      ~ vpc_id                                         = "vpc-096d879181f709d55" # forces replacement -> (known after apply)
        # (7 unchanged attributes hidden)
    }

  # module.network.aws_subnet.sn_pub_az1 must be replaced
-/+ resource "aws_subnet" "sn_pub_az1" {
      ~ arn                                            = "arn:aws:ec2:us-east-1:146010077986:subnet/subnet-048b8b5c1e50ccfe6" -> (known after apply)
      ~ availability_zone_id                           = "use1-az2" -> (known after apply)
      ~ cidr_block                                     = "10.0.1.0/24" -> "30.0.1.0/24" # forces replacement
      - enable_lni_at_device_index                     = 0 -> null
      ~ id                                             = "subnet-048b8b5c1e50ccfe6" -> (known after apply)
      + ipv6_cidr_block_association_id                 = (known after apply)
      - map_customer_owned_ip_on_launch                = false -> null
      ~ owner_id                                       = "146010077986" -> (known after apply)
      ~ private_dns_hostname_type_on_launch            = "ip-name" -> (known after apply)
      - tags                                           = {} -> null
      ~ tags_all                                       = {} -> (known after apply)
      ~ vpc_id                                         = "vpc-096d879181f709d55" # forces replacement -> (known after apply)
        # (7 unchanged attributes hidden)
    }

  # module.network.aws_subnet.sn_pub_az2 must be replaced
-/+ resource "aws_subnet" "sn_pub_az2" {
      ~ arn                                            = "arn:aws:ec2:us-east-1:146010077986:subnet/subnet-0b0e238efcc9014d7" -> (known after apply)
      ~ availability_zone_id                           = "use1-az6" -> (known after apply)
      ~ cidr_block                                     = "10.0.2.0/24" -> "30.0.2.0/24" # forces replacement
      - enable_lni_at_device_index                     = 0 -> null
      ~ id                                             = "subnet-0b0e238efcc9014d7" -> (known after apply)
      + ipv6_cidr_block_association_id                 = (known after apply)
      - map_customer_owned_ip_on_launch                = false -> null
      ~ owner_id                                       = "146010077986" -> (known after apply)
      ~ private_dns_hostname_type_on_launch            = "ip-name" -> (known after apply)
      - tags                                           = {} -> null
      ~ tags_all                                       = {} -> (known after apply)
      ~ vpc_id                                         = "vpc-096d879181f709d55" # forces replacement -> (known after apply)
        # (7 unchanged attributes hidden)
    }

  # module.network.aws_vpc.vpc must be replaced
-/+ resource "aws_vpc" "vpc" {
      ~ arn                                  = "arn:aws:ec2:us-east-1:146010077986:vpc/vpc-096d879181f709d55" -> (known after apply)
      - assign_generated_ipv6_cidr_block     = false -> null
      ~ cidr_block                           = "10.0.0.0/16" -> "30.0.0.0/16" # forces replacement
      ~ default_network_acl_id               = "acl-0ca84211f3454efbb" -> (known after apply)
      ~ default_route_table_id               = "rtb-0fc4bd74d898df9ce" -> (known after apply)
      ~ default_security_group_id            = "sg-062fc092cc3b97c26" -> (known after apply)
      ~ dhcp_options_id                      = "dopt-073c4cdb2128f0093" -> (known after apply)
      ~ enable_classiclink                   = false -> (known after apply)
      ~ enable_classiclink_dns_support       = false -> (known after apply)
      ~ enable_network_address_usage_metrics = false -> (known after apply)
      ~ id                                   = "vpc-096d879181f709d55" -> (known after apply)
      + ipv6_association_id                  = (known after apply)
      + ipv6_cidr_block                      = (known after apply)
      + ipv6_cidr_block_network_border_group = (known after apply)
      - ipv6_netmask_length                  = 0 -> null
      ~ main_route_table_id                  = "rtb-0fc4bd74d898df9ce" -> (known after apply)
      ~ owner_id                             = "146010077986" -> (known after apply)
      - tags                                 = {} -> null
      ~ tags_all                             = {} -> (known after apply)
        # (3 unchanged attributes hidden)
    }

Plan: 21 to add, 1 to change, 21 to destroy.

───────────────────────────────────────────────────────────────────────────────────────────────────────────────────────

Saved the plan to: tfplan

To perform exactly these actions, run the following command to apply:
    terraform apply "tfplan"
	
	C:\Users\Yuukitore\Downloads\app-notifier\terraform>terraform apply -auto-approve -input=false tfplan
module.network.aws_route_table_association.rt_pub_sn_pub_az1: Destroying... [id=rtbassoc-0e0bd44eb6a4a821a]
module.network.aws_route_table_association.rt_pub_sn_priv_az1: Destroying... [id=rtbassoc-0aa4c8867f5d0ed92]
module.network.aws_route_table_association.rt_pub_sn_priv_az2: Destroying... [id=rtbassoc-09efea63ee5dbfcb9]
module.network.aws_route_table_association.rt_pub_sn_pub_az2: Destroying... [id=rtbassoc-004e008816779e1cd]
module.compute.aws_lb_listener.ec2_lb_listener: Destroying... [id=arn:aws:elasticloadbalancing:us-east-1:146010077986:listener/app/ec2-lb-notifier/90a72372f7b7122a/a2ba96fd5d785a39]
module.compute.aws_autoscaling_group.ec2_asg: Destroying... [id=ec2-asg-notifier]
module.compute.aws_lb_listener.ec2_lb_listener: Destruction complete after 1s
module.compute.aws_lb.ec2_lb: Destroying... [id=arn:aws:elasticloadbalancing:us-east-1:146010077986:loadbalancer/app/ec2-lb-notifier/90a72372f7b7122a]
module.network.aws_route_table_association.rt_pub_sn_pub_az1: Destruction complete after 1s
module.network.aws_route_table_association.rt_pub_sn_pub_az2: Destruction complete after 1s
module.network.aws_route_table.rt_pub: Destroying... [id=rtb-024d7f95ecd70a733]
module.network.aws_route_table_association.rt_pub_sn_priv_az2: Destruction complete after 1s
module.network.aws_route_table_association.rt_pub_sn_priv_az1: Destruction complete after 1s
module.network.aws_route_table.rt_priv: Destroying... [id=rtb-0c7f5f1e74e1e694a]
module.network.aws_route_table.rt_pub: Destruction complete after 1s
module.network.aws_route_table.rt_priv: Destruction complete after 2s
module.compute.aws_lb.ec2_lb: Destruction complete after 2s
module.compute.aws_autoscaling_group.ec2_asg: Still destroying... [id=ec2-asg-notifier, 10s elapsed]
module.compute.aws_autoscaling_group.ec2_asg: Still destroying... [id=ec2-asg-notifier, 20s elapsed]
module.compute.aws_autoscaling_group.ec2_asg: Still destroying... [id=ec2-asg-notifier, 30s elapsed]
module.compute.aws_autoscaling_group.ec2_asg: Still destroying... [id=ec2-asg-notifier, 40s elapsed]
module.compute.aws_autoscaling_group.ec2_asg: Still destroying... [id=ec2-asg-notifier, 50s elapsed]
module.compute.aws_autoscaling_group.ec2_asg: Still destroying... [id=ec2-asg-notifier, 1m0s elapsed]
module.compute.aws_autoscaling_group.ec2_asg: Still destroying... [id=ec2-asg-notifier, 1m10s elapsed]
module.compute.aws_autoscaling_group.ec2_asg: Still destroying... [id=ec2-asg-notifier, 1m20s elapsed]
module.compute.aws_autoscaling_group.ec2_asg: Destruction complete after 1m30s
module.network.aws_subnet.sn_pub_az2: Destroying... [id=subnet-0b0e238efcc9014d7]
module.network.aws_subnet.sn_pub_az1: Destroying... [id=subnet-048b8b5c1e50ccfe6]
module.compute.aws_lb_target_group.ec2_lb_tg: Destroying... [id=arn:aws:elasticloadbalancing:us-east-1:146010077986:targetgroup/ec2-lb-tg-notifier/7e416e662383634a]
module.compute.aws_launch_template.ec2_lt: Destroying... [id=lt-07b7b798ed15eada7]
module.compute.aws_launch_template.ec2_lt: Destruction complete after 1s
module.network.aws_security_group.vpc_sg_pub: Destroying... [id=sg-0bd1e76b211f4141e]
module.database.aws_db_instance.rds_dbinstance: Destroying... [id=rds-notifier]
module.compute.aws_lb_target_group.ec2_lb_tg: Destruction complete after 1s
module.network.aws_subnet.sn_pub_az2: Destruction complete after 1s
module.network.aws_subnet.sn_pub_az1: Destruction complete after 1s
module.network.aws_security_group.vpc_sg_pub: Destruction complete after 1s
module.database.aws_db_instance.rds_dbinstance: Still destroying... [id=rds-notifier, 10s elapsed]
module.database.aws_db_instance.rds_dbinstance: Still destroying... [id=rds-notifier, 20s elapsed]
module.database.aws_db_instance.rds_dbinstance: Still destroying... [id=rds-notifier, 30s elapsed]
module.database.aws_db_instance.rds_dbinstance: Still destroying... [id=rds-notifier, 40s elapsed]
module.database.aws_db_instance.rds_dbinstance: Still destroying... [id=rds-notifier, 50s elapsed]
module.database.aws_db_instance.rds_dbinstance: Still destroying... [id=rds-notifier, 1m0s elapsed]
module.database.aws_db_instance.rds_dbinstance: Still destroying... [id=rds-notifier, 1m10s elapsed]
module.database.aws_db_instance.rds_dbinstance: Still destroying... [id=rds-notifier, 1m20s elapsed]
module.database.aws_db_instance.rds_dbinstance: Still destroying... [id=rds-notifier, 1m30s elapsed]
module.database.aws_db_instance.rds_dbinstance: Still destroying... [id=rds-notifier, 1m40s elapsed]
module.database.aws_db_instance.rds_dbinstance: Still destroying... [id=rds-notifier, 1m50s elapsed]
module.database.aws_db_instance.rds_dbinstance: Still destroying... [id=rds-notifier, 2m0s elapsed]
module.database.aws_db_instance.rds_dbinstance: Still destroying... [id=rds-notifier, 2m10s elapsed]
module.database.aws_db_instance.rds_dbinstance: Still destroying... [id=rds-notifier, 2m20s elapsed]
module.database.aws_db_instance.rds_dbinstance: Still destroying... [id=rds-notifier, 2m30s elapsed]
module.database.aws_db_instance.rds_dbinstance: Still destroying... [id=rds-notifier, 2m40s elapsed]
module.database.aws_db_instance.rds_dbinstance: Still destroying... [id=rds-notifier, 2m50s elapsed]
module.database.aws_db_instance.rds_dbinstance: Still destroying... [id=rds-notifier, 3m0s elapsed]
module.database.aws_db_instance.rds_dbinstance: Still destroying... [id=rds-notifier, 3m10s elapsed]
module.database.aws_db_instance.rds_dbinstance: Still destroying... [id=rds-notifier, 3m20s elapsed]
module.database.aws_db_instance.rds_dbinstance: Still destroying... [id=rds-notifier, 3m30s elapsed]
module.database.aws_db_instance.rds_dbinstance: Still destroying... [id=rds-notifier, 3m40s elapsed]
module.database.aws_db_instance.rds_dbinstance: Still destroying... [id=rds-notifier, 3m50s elapsed]
module.database.aws_db_instance.rds_dbinstance: Still destroying... [id=rds-notifier, 4m0s elapsed]
module.database.aws_db_instance.rds_dbinstance: Destruction complete after 4m6s
module.database.aws_db_subnet_group.rds_sn_group: Destroying... [id=rds-sn-group-notifier]
module.database.aws_db_parameter_group.rds_param_group: Destroying... [id=rds-param-group-notifier]
module.network.aws_security_group.vpc_sg_priv: Destroying... [id=sg-0b6e5c38abcaa53ed]
module.database.aws_db_subnet_group.rds_sn_group: Destruction complete after 0s
module.network.aws_subnet.sn_priv_az1: Destroying... [id=subnet-0e5d4074a761d7ad8]
module.network.aws_subnet.sn_priv_az2: Destroying... [id=subnet-0d90cc49b673e73a3]
module.database.aws_db_parameter_group.rds_param_group: Destruction complete after 1s
module.database.aws_db_parameter_group.rds_param_group: Creating...
module.network.aws_subnet.sn_priv_az1: Destruction complete after 2s
module.network.aws_subnet.sn_priv_az2: Destruction complete after 2s
module.network.aws_security_group.vpc_sg_priv: Destruction complete after 2s
module.network.aws_vpc.vpc: Destroying... [id=vpc-096d879181f709d55]
module.database.aws_db_parameter_group.rds_param_group: Creation complete after 6s [id=rds-param-group-daniele]
module.network.aws_vpc.vpc: Still destroying... [id=vpc-096d879181f709d55, 10s elapsed]
module.network.aws_vpc.vpc: Still destroying... [id=vpc-096d879181f709d55, 20s elapsed]
module.network.aws_vpc.vpc: Still destroying... [id=vpc-096d879181f709d55, 30s elapsed]
module.network.aws_vpc.vpc: Still destroying... [id=vpc-096d879181f709d55, 40s elapsed]
module.network.aws_vpc.vpc: Still destroying... [id=vpc-096d879181f709d55, 50s elapsed]
module.network.aws_vpc.vpc: Still destroying... [id=vpc-096d879181f709d55, 1m0s elapsed]
module.network.aws_vpc.vpc: Still destroying... [id=vpc-096d879181f709d55, 1m10s elapsed]
module.network.aws_vpc.vpc: Still destroying... [id=vpc-096d879181f709d55, 1m20s elapsed]
module.network.aws_vpc.vpc: Still destroying... [id=vpc-096d879181f709d55, 1m30s elapsed]
module.network.aws_vpc.vpc: Still destroying... [id=vpc-096d879181f709d55, 1m40s elapsed]
module.network.aws_vpc.vpc: Still destroying... [id=vpc-096d879181f709d55, 1m50s elapsed]
module.network.aws_vpc.vpc: Still destroying... [id=vpc-096d879181f709d55, 2m0s elapsed]
module.network.aws_vpc.vpc: Still destroying... [id=vpc-096d879181f709d55, 2m10s elapsed]
module.network.aws_vpc.vpc: Still destroying... [id=vpc-096d879181f709d55, 2m20s elapsed]
module.network.aws_vpc.vpc: Still destroying... [id=vpc-096d879181f709d55, 2m30s elapsed]
module.network.aws_vpc.vpc: Still destroying... [id=vpc-096d879181f709d55, 2m40s elapsed]
module.network.aws_vpc.vpc: Still destroying... [id=vpc-096d879181f709d55, 2m50s elapsed]
module.network.aws_vpc.vpc: Still destroying... [id=vpc-096d879181f709d55, 3m0s elapsed]
module.network.aws_vpc.vpc: Still destroying... [id=vpc-096d879181f709d55, 3m10s elapsed]
module.network.aws_vpc.vpc: Still destroying... [id=vpc-096d879181f709d55, 3m20s elapsed]
module.network.aws_vpc.vpc: Still destroying... [id=vpc-096d879181f709d55, 3m30s elapsed]
module.network.aws_vpc.vpc: Still destroying... [id=vpc-096d879181f709d55, 3m40s elapsed]
module.network.aws_vpc.vpc: Still destroying... [id=vpc-096d879181f709d55, 3m50s elapsed]
module.network.aws_vpc.vpc: Still destroying... [id=vpc-096d879181f709d55, 4m0s elapsed]
module.network.aws_vpc.vpc: Still destroying... [id=vpc-096d879181f709d55, 4m10s elapsed]
module.network.aws_vpc.vpc: Still destroying... [id=vpc-096d879181f709d55, 4m20s elapsed]
module.network.aws_vpc.vpc: Still destroying... [id=vpc-096d879181f709d55, 4m30s elapsed]
module.network.aws_vpc.vpc: Still destroying... [id=vpc-096d879181f709d55, 4m40s elapsed]
module.network.aws_vpc.vpc: Still destroying... [id=vpc-096d879181f709d55, 4m50s elapsed]
╷
│ Error: deleting EC2 VPC (vpc-096d879181f709d55): DependencyViolation: The vpc 'vpc-096d879181f709d55' has dependencies and cannot be deleted.
│       status code: 400, request id: d6337f7f-2bc2-45d9-8ba1-cda1d2aa0ee4

OBS.: Deletada a VPC manualmente

C:\Users\Yuukitore\Downloads\app-notifier\terraform>terraform plan -input=false -out tfplan
module.database.aws_db_parameter_group.rds_param_group: Refreshing state... [id=rds-param-group-daniele]
module.network.aws_vpc.vpc: Refreshing state... [id=vpc-096d879181f709d55]
module.network.aws_internet_gateway.igw: Refreshing state... [id=igw-0cedea4e224d3d7b5]

Note: Objects have changed outside of Terraform

Terraform detected the following changes made outside of Terraform since the last "terraform apply" which may have
affected this plan:

  # module.network.aws_internet_gateway.igw has been deleted
  - resource "aws_internet_gateway" "igw" {
      - id       = "igw-0cedea4e224d3d7b5" -> null
        tags     = {}
        # (4 unchanged attributes hidden)
    }

  # module.network.aws_vpc.vpc has been deleted
  - resource "aws_vpc" "vpc" {
      - id                                   = "vpc-096d879181f709d55" -> null
        tags                                 = {}
        # (17 unchanged attributes hidden)
    }


Unless you have made equivalent changes to your configuration, or ignored the relevant attributes using ignore_changes,
the following plan may include actions to undo or respond to these changes.

───────────────────────────────────────────────────────────────────────────────────────────────────────────────────────

Terraform used the selected providers to generate the following execution plan. Resource actions are indicated with the
following symbols:
  + create
 <= read (data resources)

Terraform will perform the following actions:

  # module.compute.data.template_file.user_data will be read during apply
  # (config refers to values not yet known)
 <= data "template_file" "user_data" {
      + id       = (known after apply)
      + rendered = (known after apply)
      + template = <<-EOT
            #!/bin/bash


            # 1- Update/Install required OS packages
            yum update -y
            amazon-linux-extras install -y php7.2 epel
            yum install -y httpd mysql php-mtdowling-jmespath-php php-xml telnet tree git


            # 2- (Optional) Enable PHP to send AWS SNS events
            # NOTE: If uncommented, more configs are required
            # - Step 4: Deploy PHP app
            # - Module Compute: compute.tf and vars.tf manifests

            # 2.1- Config AWS SDK for PHP
            # mkdir -p /opt/aws/sdk/php/
            # cd /opt/aws/sdk/php/
            # wget https://docs.aws.amazon.com/aws-sdk-php/v3/download/aws.zip
            # unzip aws.zip

            # 2.2- Config AWS Account
            # mkdir -p /var/www/html/.aws/
            # cat <<EOT >> /var/www/html/.aws/credentials
            # [default]
            # aws_access_key_id=12345
            # aws_secret_access_key=12345
            # aws_session_token=12345
            # EOT


            # 3- Config PHP app Connection to Database
            cat <<EOT >> /var/www/config.php
            <?php
            define('DB_SERVER', '${rds_endpoint}');
            define('DB_USERNAME', '${rds_dbuser}');
            define('DB_PASSWORD', '${rds_dbpassword}');
            define('DB_DATABASE', '${rds_dbname}');
            ?>
            EOT


            # 4- Deploy PHP app
            cd /tmp
            git clone https://github.com/kledsonhugo/notifier
            cp /tmp/notifier/app/*.php /var/www/html/
            # mv /var/www/html/sendsms.php /var/www/html/index.php
            rm -rf /tmp/notifier


            # 5- Config Apache WebServer
            usermod -a -G apache ec2-user
            chown -R ec2-user:apache /var/www
            chmod 2775 /var/www
            find /var/www -type d -exec chmod 2775 {} \;
            find /var/www -type f -exec chmod 0664 {} \;


            # 6- Start Apache WebServer
            systemctl enable httpd
            service httpd restart
        EOT
      + vars     = {
          + "rds_dbname"     = "rdsdbdaniele"
          + "rds_dbpassword" = "rdsdbadminpwd"
          + "rds_dbuser"     = "rdsdbadmin"
        }
    }

  # module.compute.aws_autoscaling_group.ec2_asg will be created
  + resource "aws_autoscaling_group" "ec2_asg" {
      + arn                       = (known after apply)
      + availability_zones        = (known after apply)
      + default_cooldown          = (known after apply)
      + desired_capacity          = 4
      + force_delete              = false
      + force_delete_warm_pool    = false
      + health_check_grace_period = 300
      + health_check_type         = (known after apply)
      + id                        = (known after apply)
      + max_size                  = 8
      + metrics_granularity       = "1Minute"
      + min_size                  = 2
      + name                      = "ec2-asg-daniele"
      + name_prefix               = (known after apply)
      + protect_from_scale_in     = false
      + service_linked_role_arn   = (known after apply)
      + target_group_arns         = (known after apply)
      + vpc_zone_identifier       = (known after apply)
      + wait_for_capacity_timeout = "10m"

      + launch_template {
          + id      = (known after apply)
          + name    = (known after apply)
          + version = "$Latest"
        }
    }

  # module.compute.aws_launch_template.ec2_lt will be created
  + resource "aws_launch_template" "ec2_lt" {
      + arn                    = (known after apply)
      + default_version        = (known after apply)
      + id                     = (known after apply)
      + image_id               = "ami-069aabeee6f53e7bf"
      + instance_type          = "t2.micro"
      + key_name               = "vockey"
      + latest_version         = (known after apply)
      + name                   = "ec2-lt-daniele"
      + name_prefix            = (known after apply)
      + tags_all               = (known after apply)
      + user_data              = (known after apply)
      + vpc_security_group_ids = (known after apply)
    }

  # module.compute.aws_lb.ec2_lb will be created
  + resource "aws_lb" "ec2_lb" {
      + arn                                         = (known after apply)
      + arn_suffix                                  = (known after apply)
      + desync_mitigation_mode                      = "defensive"
      + dns_name                                    = (known after apply)
      + drop_invalid_header_fields                  = false
      + enable_deletion_protection                  = false
      + enable_http2                                = true
      + enable_tls_version_and_cipher_suite_headers = false
      + enable_waf_fail_open                        = false
      + enable_xff_client_port                      = false
      + id                                          = (known after apply)
      + idle_timeout                                = 60
      + internal                                    = (known after apply)
      + ip_address_type                             = (known after apply)
      + load_balancer_type                          = "application"
      + name                                        = "ec2-lb-daniele"
      + preserve_host_header                        = false
      + security_groups                             = (known after apply)
      + subnets                                     = (known after apply)
      + tags_all                                    = (known after apply)
      + vpc_id                                      = (known after apply)
      + xff_header_processing_mode                  = "append"
      + zone_id                                     = (known after apply)
    }

  # module.compute.aws_lb_listener.ec2_lb_listener will be created
  + resource "aws_lb_listener" "ec2_lb_listener" {
      + arn               = (known after apply)
      + id                = (known after apply)
      + load_balancer_arn = (known after apply)
      + port              = 80
      + protocol          = "HTTP"
      + ssl_policy        = (known after apply)
      + tags_all          = (known after apply)

      + default_action {
          + order            = (known after apply)
          + target_group_arn = (known after apply)
          + type             = "forward"
        }
    }

  # module.compute.aws_lb_target_group.ec2_lb_tg will be created
  + resource "aws_lb_target_group" "ec2_lb_tg" {
      + arn                                = (known after apply)
      + arn_suffix                         = (known after apply)
      + connection_termination             = false
      + deregistration_delay               = "300"
      + id                                 = (known after apply)
      + ip_address_type                    = (known after apply)
      + lambda_multi_value_headers_enabled = false
      + load_balancing_algorithm_type      = (known after apply)
      + load_balancing_cross_zone_enabled  = (known after apply)
      + name                               = "ec2-lb-tg-daniele"
      + port                               = 80
      + preserve_client_ip                 = (known after apply)
      + protocol                           = "HTTP"
      + protocol_version                   = (known after apply)
      + proxy_protocol_v2                  = false
      + slow_start                         = 0
      + tags_all                           = (known after apply)
      + target_type                        = "instance"
      + vpc_id                             = (known after apply)
    }

  # module.database.aws_db_instance.rds_dbinstance will be created
  + resource "aws_db_instance" "rds_dbinstance" {
      + address                               = (known after apply)
      + allocated_storage                     = 20
      + apply_immediately                     = false
      + arn                                   = (known after apply)
      + auto_minor_version_upgrade            = true
      + availability_zone                     = (known after apply)
      + backup_retention_period               = (known after apply)
      + backup_window                         = (known after apply)
      + ca_cert_identifier                    = (known after apply)
      + character_set_name                    = (known after apply)
      + copy_tags_to_snapshot                 = false
      + db_name                               = "rdsdbdaniele"
      + db_subnet_group_name                  = "rds-sn-group-daniele"
      + delete_automated_backups              = true
      + endpoint                              = (known after apply)
      + engine                                = "mysql"
      + engine_version                        = "8.0.23"
      + engine_version_actual                 = (known after apply)
      + hosted_zone_id                        = (known after apply)
      + id                                    = (known after apply)
      + identifier                            = "rds-daniele"
      + identifier_prefix                     = (known after apply)
      + instance_class                        = "db.t2.micro"
      + iops                                  = (known after apply)
      + kms_key_id                            = (known after apply)
      + latest_restorable_time                = (known after apply)
      + license_model                         = (known after apply)
      + listener_endpoint                     = (known after apply)
      + maintenance_window                    = (known after apply)
      + master_user_secret                    = (known after apply)
      + master_user_secret_kms_key_id         = (known after apply)
      + max_allocated_storage                 = 0
      + monitoring_interval                   = 0
      + monitoring_role_arn                   = (known after apply)
      + multi_az                              = false
      + name                                  = (known after apply)
      + nchar_character_set_name              = (known after apply)
      + network_type                          = (known after apply)
      + option_group_name                     = (known after apply)
      + parameter_group_name                  = "rds-param-group-daniele"
      + password                              = (sensitive value)
      + performance_insights_enabled          = false
      + performance_insights_kms_key_id       = (known after apply)
      + performance_insights_retention_period = (known after apply)
      + port                                  = (known after apply)
      + publicly_accessible                   = false
      + replica_mode                          = (known after apply)
      + replicas                              = (known after apply)
      + resource_id                           = (known after apply)
      + skip_final_snapshot                   = true
      + snapshot_identifier                   = (known after apply)
      + status                                = (known after apply)
      + storage_throughput                    = (known after apply)
      + storage_type                          = "gp2"
      + tags_all                              = (known after apply)
      + timezone                              = (known after apply)
      + username                              = "rdsdbadmin"
      + vpc_security_group_ids                = (known after apply)
    }

  # module.database.aws_db_subnet_group.rds_sn_group will be created
  + resource "aws_db_subnet_group" "rds_sn_group" {
      + arn                     = (known after apply)
      + description             = "Managed by Terraform"
      + id                      = (known after apply)
      + name                    = "rds-sn-group-daniele"
      + name_prefix             = (known after apply)
      + subnet_ids              = (known after apply)
      + supported_network_types = (known after apply)
      + tags_all                = (known after apply)
    }

  # module.network.aws_internet_gateway.igw will be created
  + resource "aws_internet_gateway" "igw" {
      + arn      = (known after apply)
      + id       = (known after apply)
      + owner_id = (known after apply)
      + tags_all = (known after apply)
      + vpc_id   = (known after apply)
    }

  # module.network.aws_route_table.rt_priv will be created
  + resource "aws_route_table" "rt_priv" {
      + arn              = (known after apply)
      + id               = (known after apply)
      + owner_id         = (known after apply)
      + propagating_vgws = (known after apply)
      + route            = (known after apply)
      + tags_all         = (known after apply)
      + vpc_id           = (known after apply)
    }

  # module.network.aws_route_table.rt_pub will be created
  + resource "aws_route_table" "rt_pub" {
      + arn              = (known after apply)
      + id               = (known after apply)
      + owner_id         = (known after apply)
      + propagating_vgws = (known after apply)
      + route            = [
          + {
              + carrier_gateway_id         = ""
              + cidr_block                 = "0.0.0.0/0"
              + core_network_arn           = ""
              + destination_prefix_list_id = ""
              + egress_only_gateway_id     = ""
              + gateway_id                 = (known after apply)
              + instance_id                = ""
              + ipv6_cidr_block            = ""
              + local_gateway_id           = ""
              + nat_gateway_id             = ""
              + network_interface_id       = ""
              + transit_gateway_id         = ""
              + vpc_endpoint_id            = ""
              + vpc_peering_connection_id  = ""
            },
        ]
      + tags_all         = (known after apply)
      + vpc_id           = (known after apply)
    }

  # module.network.aws_route_table_association.rt_pub_sn_priv_az1 will be created
  + resource "aws_route_table_association" "rt_pub_sn_priv_az1" {
      + id             = (known after apply)
      + route_table_id = (known after apply)
      + subnet_id      = (known after apply)
    }

  # module.network.aws_route_table_association.rt_pub_sn_priv_az2 will be created
  + resource "aws_route_table_association" "rt_pub_sn_priv_az2" {
      + id             = (known after apply)
      + route_table_id = (known after apply)
      + subnet_id      = (known after apply)
    }

  # module.network.aws_route_table_association.rt_pub_sn_pub_az1 will be created
  + resource "aws_route_table_association" "rt_pub_sn_pub_az1" {
      + id             = (known after apply)
      + route_table_id = (known after apply)
      + subnet_id      = (known after apply)
    }

  # module.network.aws_route_table_association.rt_pub_sn_pub_az2 will be created
  + resource "aws_route_table_association" "rt_pub_sn_pub_az2" {
      + id             = (known after apply)
      + route_table_id = (known after apply)
      + subnet_id      = (known after apply)
    }

  # module.network.aws_security_group.vpc_sg_priv will be created
  + resource "aws_security_group" "vpc_sg_priv" {
      + arn                    = (known after apply)
      + description            = "Managed by Terraform"
      + egress                 = [
          + {
              + cidr_blocks      = [
                  + "0.0.0.0/0",
                ]
              + description      = ""
              + from_port        = 0
              + ipv6_cidr_blocks = []
              + prefix_list_ids  = []
              + protocol         = "-1"
              + security_groups  = []
              + self             = false
              + to_port          = 0
            },
        ]
      + id                     = (known after apply)
      + ingress                = [
          + {
              + cidr_blocks      = [
                  + "30.0.0.0/16",
                ]
              + description      = ""
              + from_port        = 0
              + ipv6_cidr_blocks = []
              + prefix_list_ids  = []
              + protocol         = "-1"
              + security_groups  = []
              + self             = false
              + to_port          = 0
            },
        ]
      + name                   = (known after apply)
      + name_prefix            = (known after apply)
      + owner_id               = (known after apply)
      + revoke_rules_on_delete = false
      + tags_all               = (known after apply)
      + vpc_id                 = (known after apply)
    }

  # module.network.aws_security_group.vpc_sg_pub will be created
  + resource "aws_security_group" "vpc_sg_pub" {
      + arn                    = (known after apply)
      + description            = "Managed by Terraform"
      + egress                 = [
          + {
              + cidr_blocks      = [
                  + "0.0.0.0/0",
                ]
              + description      = ""
              + from_port        = 0
              + ipv6_cidr_blocks = []
              + prefix_list_ids  = []
              + protocol         = "-1"
              + security_groups  = []
              + self             = false
              + to_port          = 0
            },
        ]
      + id                     = (known after apply)
      + ingress                = [
          + {
              + cidr_blocks      = [
                  + "0.0.0.0/0",
                ]
              + description      = ""
              + from_port        = 22
              + ipv6_cidr_blocks = []
              + prefix_list_ids  = []
              + protocol         = "tcp"
              + security_groups  = []
              + self             = false
              + to_port          = 22
            },
          + {
              + cidr_blocks      = [
                  + "0.0.0.0/0",
                ]
              + description      = ""
              + from_port        = 80
              + ipv6_cidr_blocks = []
              + prefix_list_ids  = []
              + protocol         = "tcp"
              + security_groups  = []
              + self             = false
              + to_port          = 80
            },
          + {
              + cidr_blocks      = [
                  + "30.0.0.0/16",
                ]
              + description      = ""
              + from_port        = 0
              + ipv6_cidr_blocks = []
              + prefix_list_ids  = []
              + protocol         = "-1"
              + security_groups  = []
              + self             = false
              + to_port          = 0
            },
        ]
      + name                   = (known after apply)
      + name_prefix            = (known after apply)
      + owner_id               = (known after apply)
      + revoke_rules_on_delete = false
      + tags_all               = (known after apply)
      + vpc_id                 = (known after apply)
    }

  # module.network.aws_subnet.sn_priv_az1 will be created
  + resource "aws_subnet" "sn_priv_az1" {
      + arn                                            = (known after apply)
      + assign_ipv6_address_on_creation                = false
      + availability_zone                              = "us-east-1a"
      + availability_zone_id                           = (known after apply)
      + cidr_block                                     = "30.0.3.0/24"
      + enable_dns64                                   = false
      + enable_resource_name_dns_a_record_on_launch    = false
      + enable_resource_name_dns_aaaa_record_on_launch = false
      + id                                             = (known after apply)
      + ipv6_cidr_block_association_id                 = (known after apply)
      + ipv6_native                                    = false
      + map_public_ip_on_launch                        = false
      + owner_id                                       = (known after apply)
      + private_dns_hostname_type_on_launch            = (known after apply)
      + tags_all                                       = (known after apply)
      + vpc_id                                         = (known after apply)
    }

  # module.network.aws_subnet.sn_priv_az2 will be created
  + resource "aws_subnet" "sn_priv_az2" {
      + arn                                            = (known after apply)
      + assign_ipv6_address_on_creation                = false
      + availability_zone                              = "us-east-1c"
      + availability_zone_id                           = (known after apply)
      + cidr_block                                     = "30.0.4.0/24"
      + enable_dns64                                   = false
      + enable_resource_name_dns_a_record_on_launch    = false
      + enable_resource_name_dns_aaaa_record_on_launch = false
      + id                                             = (known after apply)
      + ipv6_cidr_block_association_id                 = (known after apply)
      + ipv6_native                                    = false
      + map_public_ip_on_launch                        = false
      + owner_id                                       = (known after apply)
      + private_dns_hostname_type_on_launch            = (known after apply)
      + tags_all                                       = (known after apply)
      + vpc_id                                         = (known after apply)
    }

  # module.network.aws_subnet.sn_pub_az1 will be created
  + resource "aws_subnet" "sn_pub_az1" {
      + arn                                            = (known after apply)
      + assign_ipv6_address_on_creation                = false
      + availability_zone                              = "us-east-1a"
      + availability_zone_id                           = (known after apply)
      + cidr_block                                     = "30.0.1.0/24"
      + enable_dns64                                   = false
      + enable_resource_name_dns_a_record_on_launch    = false
      + enable_resource_name_dns_aaaa_record_on_launch = false
      + id                                             = (known after apply)
      + ipv6_cidr_block_association_id                 = (known after apply)
      + ipv6_native                                    = false
      + map_public_ip_on_launch                        = true
      + owner_id                                       = (known after apply)
      + private_dns_hostname_type_on_launch            = (known after apply)
      + tags_all                                       = (known after apply)
      + vpc_id                                         = (known after apply)
    }

  # module.network.aws_subnet.sn_pub_az2 will be created
  + resource "aws_subnet" "sn_pub_az2" {
      + arn                                            = (known after apply)
      + assign_ipv6_address_on_creation                = false
      + availability_zone                              = "us-east-1c"
      + availability_zone_id                           = (known after apply)
      + cidr_block                                     = "30.0.2.0/24"
      + enable_dns64                                   = false
      + enable_resource_name_dns_a_record_on_launch    = false
      + enable_resource_name_dns_aaaa_record_on_launch = false
      + id                                             = (known after apply)
      + ipv6_cidr_block_association_id                 = (known after apply)
      + ipv6_native                                    = false
      + map_public_ip_on_launch                        = true
      + owner_id                                       = (known after apply)
      + private_dns_hostname_type_on_launch            = (known after apply)
      + tags_all                                       = (known after apply)
      + vpc_id                                         = (known after apply)
    }

  # module.network.aws_vpc.vpc will be created
  + resource "aws_vpc" "vpc" {
      + arn                                  = (known after apply)
      + cidr_block                           = "30.0.0.0/16"
      + default_network_acl_id               = (known after apply)
      + default_route_table_id               = (known after apply)
      + default_security_group_id            = (known after apply)
      + dhcp_options_id                      = (known after apply)
      + enable_classiclink                   = (known after apply)
      + enable_classiclink_dns_support       = (known after apply)
      + enable_dns_hostnames                 = true
      + enable_dns_support                   = true
      + enable_network_address_usage_metrics = (known after apply)
      + id                                   = (known after apply)
      + instance_tenancy                     = "default"
      + ipv6_association_id                  = (known after apply)
      + ipv6_cidr_block                      = (known after apply)
      + ipv6_cidr_block_network_border_group = (known after apply)
      + main_route_table_id                  = (known after apply)
      + owner_id                             = (known after apply)
      + tags_all                             = (known after apply)
    }

Plan: 21 to add, 0 to change, 0 to destroy.

───────────────────────────────────────────────────────────────────────────────────────────────────────────────────────

Saved the plan to: tfplan

To perform exactly these actions, run the following command to apply:
    terraform apply "tfplan"


C:\Users\Yuukitore\Downloads\app-notifier\terraform>terraform apply -auto-approve -input=false tfplan
module.network.aws_vpc.vpc: Creating...
module.network.aws_vpc.vpc: Still creating... [10s elapsed]
module.network.aws_vpc.vpc: Creation complete after 13s [id=vpc-0e98af58ee4dda86d]
module.network.aws_internet_gateway.igw: Creating...
module.network.aws_subnet.sn_pub_az2: Creating...
module.network.aws_subnet.sn_priv_az2: Creating...
module.network.aws_subnet.sn_priv_az1: Creating...
module.network.aws_subnet.sn_pub_az1: Creating...
module.network.aws_route_table.rt_priv: Creating...
module.compute.aws_lb_target_group.ec2_lb_tg: Creating...
module.network.aws_security_group.vpc_sg_priv: Creating...
module.network.aws_security_group.vpc_sg_pub: Creating...
module.network.aws_internet_gateway.igw: Creation complete after 2s [id=igw-081d5fbbeb68e7f3b]
module.network.aws_route_table.rt_pub: Creating...
module.network.aws_subnet.sn_priv_az1: Creation complete after 2s [id=subnet-0c4af8c6a75706fc7]
module.network.aws_subnet.sn_priv_az2: Creation complete after 2s [id=subnet-0877b0b0b954fd8a5]
module.database.aws_db_subnet_group.rds_sn_group: Creating...
module.network.aws_route_table.rt_priv: Creation complete after 2s [id=rtb-03b10e416cc55437c]
module.network.aws_route_table_association.rt_pub_sn_priv_az1: Creating...
module.network.aws_route_table_association.rt_pub_sn_priv_az2: Creating...
module.compute.aws_lb_target_group.ec2_lb_tg: Creation complete after 3s [id=arn:aws:elasticloadbalancing:us-east-1:146010077986:targetgroup/ec2-lb-tg-daniele/71ff80a8b4ce167b]
module.network.aws_route_table_association.rt_pub_sn_priv_az2: Creation complete after 1s [id=rtbassoc-0f502486820c660c4]
module.network.aws_route_table_association.rt_pub_sn_priv_az1: Creation complete after 1s [id=rtbassoc-02f8fa134675613bf]
module.network.aws_route_table.rt_pub: Creation complete after 2s [id=rtb-08005b7d08faa5570]
module.database.aws_db_subnet_group.rds_sn_group: Creation complete after 2s [id=rds-sn-group-daniele]
module.network.aws_security_group.vpc_sg_priv: Creation complete after 4s [id=sg-00d60fd47471485c2]
module.database.aws_db_instance.rds_dbinstance: Creating...
module.network.aws_security_group.vpc_sg_pub: Creation complete after 4s [id=sg-0ddc7d512d7c73120]
module.network.aws_subnet.sn_pub_az1: Still creating... [10s elapsed]
module.network.aws_subnet.sn_pub_az2: Still creating... [10s elapsed]
module.network.aws_subnet.sn_pub_az2: Creation complete after 12s [id=subnet-0971db624c046f828]
module.network.aws_route_table_association.rt_pub_sn_pub_az2: Creating...
module.network.aws_subnet.sn_pub_az1: Creation complete after 13s [id=subnet-0c1a07a0a6aeb7f05]
module.network.aws_route_table_association.rt_pub_sn_pub_az1: Creating...
module.compute.aws_lb.ec2_lb: Creating...
module.network.aws_route_table_association.rt_pub_sn_pub_az2: Creation complete after 1s [id=rtbassoc-00a14c233d62bf078]
module.network.aws_route_table_association.rt_pub_sn_pub_az1: Creation complete after 1s [id=rtbassoc-079ad4e0c3cb6fd9d]
module.database.aws_db_instance.rds_dbinstance: Still creating... [10s elapsed]
module.compute.aws_lb.ec2_lb: Still creating... [10s elapsed]
module.database.aws_db_instance.rds_dbinstance: Still creating... [20s elapsed]
module.compute.aws_lb.ec2_lb: Still creating... [20s elapsed]
module.database.aws_db_instance.rds_dbinstance: Still creating... [30s elapsed]
module.compute.aws_lb.ec2_lb: Still creating... [30s elapsed]
module.database.aws_db_instance.rds_dbinstance: Still creating... [40s elapsed]
module.compute.aws_lb.ec2_lb: Still creating... [40s elapsed]
module.database.aws_db_instance.rds_dbinstance: Still creating... [50s elapsed]
module.compute.aws_lb.ec2_lb: Still creating... [50s elapsed]
module.database.aws_db_instance.rds_dbinstance: Still creating... [1m1s elapsed]
module.compute.aws_lb.ec2_lb: Still creating... [1m0s elapsed]
module.database.aws_db_instance.rds_dbinstance: Still creating... [1m11s elapsed]
module.compute.aws_lb.ec2_lb: Still creating... [1m10s elapsed]
module.database.aws_db_instance.rds_dbinstance: Still creating... [1m21s elapsed]
module.compute.aws_lb.ec2_lb: Still creating... [1m20s elapsed]
module.database.aws_db_instance.rds_dbinstance: Still creating... [1m31s elapsed]
module.compute.aws_lb.ec2_lb: Still creating... [1m30s elapsed]
module.database.aws_db_instance.rds_dbinstance: Still creating... [1m41s elapsed]
module.compute.aws_lb.ec2_lb: Still creating... [1m40s elapsed]
module.database.aws_db_instance.rds_dbinstance: Still creating... [1m51s elapsed]
module.compute.aws_lb.ec2_lb: Still creating... [1m50s elapsed]
module.database.aws_db_instance.rds_dbinstance: Still creating... [2m1s elapsed]
module.compute.aws_lb.ec2_lb: Still creating... [2m0s elapsed]
module.database.aws_db_instance.rds_dbinstance: Still creating... [2m11s elapsed]
module.compute.aws_lb.ec2_lb: Still creating... [2m10s elapsed]
module.database.aws_db_instance.rds_dbinstance: Still creating... [2m21s elapsed]
module.compute.aws_lb.ec2_lb: Still creating... [2m20s elapsed]
module.database.aws_db_instance.rds_dbinstance: Still creating... [2m31s elapsed]
module.compute.aws_lb.ec2_lb: Still creating... [2m30s elapsed]
module.database.aws_db_instance.rds_dbinstance: Still creating... [2m41s elapsed]
module.compute.aws_lb.ec2_lb: Still creating... [2m40s elapsed]
module.database.aws_db_instance.rds_dbinstance: Still creating... [2m51s elapsed]
module.compute.aws_lb.ec2_lb: Creation complete after 2m45s [id=arn:aws:elasticloadbalancing:us-east-1:146010077986:loadbalancer/app/ec2-lb-daniele/d67f06eef255c02a]
module.compute.aws_lb_listener.ec2_lb_listener: Creating...
module.compute.aws_lb_listener.ec2_lb_listener: Creation complete after 0s [id=arn:aws:elasticloadbalancing:us-east-1:146010077986:listener/app/ec2-lb-daniele/d67f06eef255c02a/1acb28a649d05854]
module.database.aws_db_instance.rds_dbinstance: Still creating... [3m1s elapsed]
module.database.aws_db_instance.rds_dbinstance: Still creating... [3m11s elapsed]
module.database.aws_db_instance.rds_dbinstance: Still creating... [3m21s elapsed]
module.database.aws_db_instance.rds_dbinstance: Still creating... [3m31s elapsed]
module.database.aws_db_instance.rds_dbinstance: Still creating... [3m41s elapsed]
module.database.aws_db_instance.rds_dbinstance: Still creating... [3m51s elapsed]
module.database.aws_db_instance.rds_dbinstance: Still creating... [4m1s elapsed]
module.database.aws_db_instance.rds_dbinstance: Still creating... [4m11s elapsed]
module.database.aws_db_instance.rds_dbinstance: Still creating... [4m21s elapsed]
module.database.aws_db_instance.rds_dbinstance: Still creating... [4m31s elapsed]
module.database.aws_db_instance.rds_dbinstance: Still creating... [4m41s elapsed]
module.database.aws_db_instance.rds_dbinstance: Still creating... [4m51s elapsed]
module.database.aws_db_instance.rds_dbinstance: Still creating... [5m1s elapsed]
module.database.aws_db_instance.rds_dbinstance: Still creating... [5m11s elapsed]
module.database.aws_db_instance.rds_dbinstance: Still creating... [5m21s elapsed]
module.database.aws_db_instance.rds_dbinstance: Still creating... [5m31s elapsed]
module.database.aws_db_instance.rds_dbinstance: Still creating... [5m41s elapsed]
module.database.aws_db_instance.rds_dbinstance: Still creating... [5m51s elapsed]
module.database.aws_db_instance.rds_dbinstance: Still creating... [6m1s elapsed]
module.database.aws_db_instance.rds_dbinstance: Still creating... [6m11s elapsed]
module.database.aws_db_instance.rds_dbinstance: Still creating... [6m21s elapsed]
module.database.aws_db_instance.rds_dbinstance: Still creating... [6m31s elapsed]
module.database.aws_db_instance.rds_dbinstance: Creation complete after 6m32s [id=rds-daniele]
module.compute.data.template_file.user_data: Reading...
module.compute.data.template_file.user_data: Read complete after 0s [id=f57620e164c3d841e7338420bb9b21ee9f5abb5b496685d9cd7dd16b023df530]
module.compute.aws_launch_template.ec2_lt: Creating...
module.compute.aws_launch_template.ec2_lt: Creation complete after 1s [id=lt-09284de474715099c]
module.compute.aws_autoscaling_group.ec2_asg: Creating...
module.compute.aws_autoscaling_group.ec2_asg: Still creating... [10s elapsed]
module.compute.aws_autoscaling_group.ec2_asg: Still creating... [20s elapsed]
module.compute.aws_autoscaling_group.ec2_asg: Still creating... [30s elapsed]
module.compute.aws_autoscaling_group.ec2_asg: Still creating... [40s elapsed]
module.compute.aws_autoscaling_group.ec2_asg: Still creating... [50s elapsed]
module.compute.aws_autoscaling_group.ec2_asg: Still creating... [1m0s elapsed]
module.compute.aws_autoscaling_group.ec2_asg: Still creating... [1m10s elapsed]
module.compute.aws_autoscaling_group.ec2_asg: Creation complete after 1m17s [id=ec2-asg-daniele]

Apply complete! Resources: 21 added, 0 changed, 0 destroyed.

C:\Users\Yuukitore\Downloads\app-notifier\terraform>terraform show
# module.compute.data.template_file.user_data:
data "template_file" "user_data" {
    id       = "f57620e164c3d841e7338420bb9b21ee9f5abb5b496685d9cd7dd16b023df530"
    rendered = <<-EOT
        #!/bin/bash


        # 1- Update/Install required OS packages
        yum update -y
        amazon-linux-extras install -y php7.2 epel
        yum install -y httpd mysql php-mtdowling-jmespath-php php-xml telnet tree git


        # 2- (Optional) Enable PHP to send AWS SNS events
        # NOTE: If uncommented, more configs are required
        # - Step 4: Deploy PHP app
        # - Module Compute: compute.tf and vars.tf manifests

        # 2.1- Config AWS SDK for PHP
        # mkdir -p /opt/aws/sdk/php/
        # cd /opt/aws/sdk/php/
        # wget https://docs.aws.amazon.com/aws-sdk-php/v3/download/aws.zip
        # unzip aws.zip

        # 2.2- Config AWS Account
        # mkdir -p /var/www/html/.aws/
        # cat <<EOT >> /var/www/html/.aws/credentials
        # [default]
        # aws_access_key_id=12345
        # aws_secret_access_key=12345
        # aws_session_token=12345
        # EOT


        # 3- Config PHP app Connection to Database
        cat <<EOT >> /var/www/config.php
        <?php
        define('DB_SERVER', 'rds-daniele.c89ruratic48.us-east-1.rds.amazonaws.com:3306');
        define('DB_USERNAME', 'rdsdbadmin');
        define('DB_PASSWORD', 'rdsdbadminpwd');
        define('DB_DATABASE', 'rdsdbdaniele');
        ?>
        EOT


        # 4- Deploy PHP app
        cd /tmp
        git clone https://github.com/kledsonhugo/notifier
        cp /tmp/notifier/app/*.php /var/www/html/
        # mv /var/www/html/sendsms.php /var/www/html/index.php
        rm -rf /tmp/notifier


        # 5- Config Apache WebServer
        usermod -a -G apache ec2-user
        chown -R ec2-user:apache /var/www
        chmod 2775 /var/www
        find /var/www -type d -exec chmod 2775 {} \;
        find /var/www -type f -exec chmod 0664 {} \;


        # 6- Start Apache WebServer
        systemctl enable httpd
        service httpd restart
    EOT
    template = <<-EOT
        #!/bin/bash


        # 1- Update/Install required OS packages
        yum update -y
        amazon-linux-extras install -y php7.2 epel
        yum install -y httpd mysql php-mtdowling-jmespath-php php-xml telnet tree git


        # 2- (Optional) Enable PHP to send AWS SNS events
        # NOTE: If uncommented, more configs are required
        # - Step 4: Deploy PHP app
        # - Module Compute: compute.tf and vars.tf manifests

        # 2.1- Config AWS SDK for PHP
        # mkdir -p /opt/aws/sdk/php/
        # cd /opt/aws/sdk/php/
        # wget https://docs.aws.amazon.com/aws-sdk-php/v3/download/aws.zip
        # unzip aws.zip

        # 2.2- Config AWS Account
        # mkdir -p /var/www/html/.aws/
        # cat <<EOT >> /var/www/html/.aws/credentials
        # [default]
        # aws_access_key_id=12345
        # aws_secret_access_key=12345
        # aws_session_token=12345
        # EOT


        # 3- Config PHP app Connection to Database
        cat <<EOT >> /var/www/config.php
        <?php
        define('DB_SERVER', '${rds_endpoint}');
        define('DB_USERNAME', '${rds_dbuser}');
        define('DB_PASSWORD', '${rds_dbpassword}');
        define('DB_DATABASE', '${rds_dbname}');
        ?>
        EOT


        # 4- Deploy PHP app
        cd /tmp
        git clone https://github.com/kledsonhugo/notifier
        cp /tmp/notifier/app/*.php /var/www/html/
        # mv /var/www/html/sendsms.php /var/www/html/index.php
        rm -rf /tmp/notifier


        # 5- Config Apache WebServer
        usermod -a -G apache ec2-user
        chown -R ec2-user:apache /var/www
        chmod 2775 /var/www
        find /var/www -type d -exec chmod 2775 {} \;
        find /var/www -type f -exec chmod 0664 {} \;


        # 6- Start Apache WebServer
        systemctl enable httpd
        service httpd restart
    EOT
    vars     = {
        "rds_dbname"     = "rdsdbdaniele"
        "rds_dbpassword" = "rdsdbadminpwd"
        "rds_dbuser"     = "rdsdbadmin"
        "rds_endpoint"   = "rds-daniele.c89ruratic48.us-east-1.rds.amazonaws.com:3306"
    }
}

# module.compute.aws_autoscaling_group.ec2_asg:
resource "aws_autoscaling_group" "ec2_asg" {
    arn                       = "arn:aws:autoscaling:us-east-1:146010077986:autoScalingGroup:24071e30-b609-48ec-a818-7e9739d0d1a1:autoScalingGroupName/ec2-asg-daniele"
    availability_zones        = [
        "us-east-1a",
        "us-east-1c",
    ]
    capacity_rebalance        = false
    default_cooldown          = 300
    default_instance_warmup   = 0
    desired_capacity          = 4
    force_delete              = false
    force_delete_warm_pool    = false
    health_check_grace_period = 300
    health_check_type         = "EC2"
    id                        = "ec2-asg-daniele"
    max_instance_lifetime     = 0
    max_size                  = 8
    metrics_granularity       = "1Minute"
    min_size                  = 2
    name                      = "ec2-asg-daniele"
    protect_from_scale_in     = false
    service_linked_role_arn   = "arn:aws:iam::146010077986:role/aws-service-role/autoscaling.amazonaws.com/AWSServiceRoleForAutoScaling"
    target_group_arns         = [
        "arn:aws:elasticloadbalancing:us-east-1:146010077986:targetgroup/ec2-lb-tg-daniele/71ff80a8b4ce167b",
    ]
    vpc_zone_identifier       = [
        "subnet-0971db624c046f828",
        "subnet-0c1a07a0a6aeb7f05",
    ]
    wait_for_capacity_timeout = "10m"

    launch_template {
        id      = "lt-09284de474715099c"
        name    = "ec2-lt-daniele"
        version = "$Latest"
    }
}

# module.compute.aws_launch_template.ec2_lt:
resource "aws_launch_template" "ec2_lt" {
    arn                     = "arn:aws:ec2:us-east-1:146010077986:launch-template/lt-09284de474715099c"
    default_version         = 1
    disable_api_stop        = false
    disable_api_termination = false
    id                      = "lt-09284de474715099c"
    image_id                = "ami-069aabeee6f53e7bf"
    instance_type           = "t2.micro"
    key_name                = "vockey"
    latest_version          = 1
    name                    = "ec2-lt-daniele"
    tags_all                = {}
    user_data               = "IyEvYmluL2Jhc2gNCg0KDQojIDEtIFVwZGF0ZS9JbnN0YWxsIHJlcXVpcmVkIE9TIHBhY2thZ2VzDQp5dW0gdXBkYXRlIC15DQphbWF6b24tbGludXgtZXh0cmFzIGluc3RhbGwgLXkgcGhwNy4yIGVwZWwNCnl1bSBpbnN0YWxsIC15IGh0dHBkIG15c3FsIHBocC1tdGRvd2xpbmctam1lc3BhdGgtcGhwIHBocC14bWwgdGVsbmV0IHRyZWUgZ2l0DQoNCg0KIyAyLSAoT3B0aW9uYWwpIEVuYWJsZSBQSFAgdG8gc2VuZCBBV1MgU05TIGV2ZW50cw0KIyBOT1RFOiBJZiB1bmNvbW1lbnRlZCwgbW9yZSBjb25maWdzIGFyZSByZXF1aXJlZA0KIyAtIFN0ZXAgNDogRGVwbG95IFBIUCBhcHANCiMgLSBNb2R1bGUgQ29tcHV0ZTogY29tcHV0ZS50ZiBhbmQgdmFycy50ZiBtYW5pZmVzdHMNCg0KIyAyLjEtIENvbmZpZyBBV1MgU0RLIGZvciBQSFANCiMgbWtkaXIgLXAgL29wdC9hd3Mvc2RrL3BocC8NCiMgY2QgL29wdC9hd3Mvc2RrL3BocC8NCiMgd2dldCBodHRwczovL2RvY3MuYXdzLmFtYXpvbi5jb20vYXdzLXNkay1waHAvdjMvZG93bmxvYWQvYXdzLnppcA0KIyB1bnppcCBhd3MuemlwDQoNCiMgMi4yLSBDb25maWcgQVdTIEFjY291bnQNCiMgbWtkaXIgLXAgL3Zhci93d3cvaHRtbC8uYXdzLw0KIyBjYXQgPDxFT1QgPj4gL3Zhci93d3cvaHRtbC8uYXdzL2NyZWRlbnRpYWxzDQojIFtkZWZhdWx0XQ0KIyBhd3NfYWNjZXNzX2tleV9pZD0xMjM0NQ0KIyBhd3Nfc2VjcmV0X2FjY2Vzc19rZXk9MTIzNDUNCiMgYXdzX3Nlc3Npb25fdG9rZW49MTIzNDUNCiMgRU9UDQoNCg0KIyAzLSBDb25maWcgUEhQIGFwcCBDb25uZWN0aW9uIHRvIERhdGFiYXNlDQpjYXQgPDxFT1QgPj4gL3Zhci93d3cvY29uZmlnLnBocA0KPD9waHANCmRlZmluZSgnREJfU0VSVkVSJywgJ3Jkcy1kYW5pZWxlLmM4OXJ1cmF0aWM0OC51cy1lYXN0LTEucmRzLmFtYXpvbmF3cy5jb206MzMwNicpOw0KZGVmaW5lKCdEQl9VU0VSTkFNRScsICdyZHNkYmFkbWluJyk7DQpkZWZpbmUoJ0RCX1BBU1NXT1JEJywgJ3Jkc2RiYWRtaW5wd2QnKTsNCmRlZmluZSgnREJfREFUQUJBU0UnLCAncmRzZGJkYW5pZWxlJyk7DQo/Pg0KRU9UDQoNCg0KIyA0LSBEZXBsb3kgUEhQIGFwcA0KY2QgL3RtcA0KZ2l0IGNsb25lIGh0dHBzOi8vZ2l0aHViLmNvbS9rbGVkc29uaHVnby9ub3RpZmllcg0KY3AgL3RtcC9ub3RpZmllci9hcHAvKi5waHAgL3Zhci93d3cvaHRtbC8NCiMgbXYgL3Zhci93d3cvaHRtbC9zZW5kc21zLnBocCAvdmFyL3d3dy9odG1sL2luZGV4LnBocA0Kcm0gLXJmIC90bXAvbm90aWZpZXINCg0KDQojIDUtIENvbmZpZyBBcGFjaGUgV2ViU2VydmVyDQp1c2VybW9kIC1hIC1HIGFwYWNoZSBlYzItdXNlcg0KY2hvd24gLVIgZWMyLXVzZXI6YXBhY2hlIC92YXIvd3d3DQpjaG1vZCAyNzc1IC92YXIvd3d3DQpmaW5kIC92YXIvd3d3IC10eXBlIGQgLWV4ZWMgY2htb2QgMjc3NSB7fSBcOw0KZmluZCAvdmFyL3d3dyAtdHlwZSBmIC1leGVjIGNobW9kIDA2NjQge30gXDsNCg0KDQojIDYtIFN0YXJ0IEFwYWNoZSBXZWJTZXJ2ZXINCnN5c3RlbWN0bCBlbmFibGUgaHR0cGQNCnNlcnZpY2UgaHR0cGQgcmVzdGFydA=="
    vpc_security_group_ids  = [
        "sg-0ddc7d512d7c73120",
    ]
}

# module.compute.aws_lb.ec2_lb:
resource "aws_lb" "ec2_lb" {
    arn                                         = "arn:aws:elasticloadbalancing:us-east-1:146010077986:loadbalancer/app/ec2-lb-daniele/d67f06eef255c02a"
    arn_suffix                                  = "app/ec2-lb-daniele/d67f06eef255c02a"
    desync_mitigation_mode                      = "defensive"
    dns_name                                    = "ec2-lb-daniele-1906029696.us-east-1.elb.amazonaws.com"
    drop_invalid_header_fields                  = false
    enable_cross_zone_load_balancing            = true
    enable_deletion_protection                  = false
    enable_http2                                = true
    enable_tls_version_and_cipher_suite_headers = false
    enable_waf_fail_open                        = false
    enable_xff_client_port                      = false
    id                                          = "arn:aws:elasticloadbalancing:us-east-1:146010077986:loadbalancer/app/ec2-lb-daniele/d67f06eef255c02a"
    idle_timeout                                = 60
    internal                                    = false
    ip_address_type                             = "ipv4"
    load_balancer_type                          = "application"
    name                                        = "ec2-lb-daniele"
    preserve_host_header                        = false
    security_groups                             = [
        "sg-0ddc7d512d7c73120",
    ]
    subnets                                     = [
        "subnet-0971db624c046f828",
        "subnet-0c1a07a0a6aeb7f05",
    ]
    tags_all                                    = {}
    vpc_id                                      = "vpc-0e98af58ee4dda86d"
    xff_header_processing_mode                  = "append"
    zone_id                                     = "Z35SXDOTRQ7X7K"

    access_logs {
        enabled = false
    }

    subnet_mapping {
        subnet_id = "subnet-0971db624c046f828"
    }
    subnet_mapping {
        subnet_id = "subnet-0c1a07a0a6aeb7f05"
    }
}

# module.compute.aws_lb_listener.ec2_lb_listener:
resource "aws_lb_listener" "ec2_lb_listener" {
    arn               = "arn:aws:elasticloadbalancing:us-east-1:146010077986:listener/app/ec2-lb-daniele/d67f06eef255c02a/1acb28a649d05854"
    id                = "arn:aws:elasticloadbalancing:us-east-1:146010077986:listener/app/ec2-lb-daniele/d67f06eef255c02a/1acb28a649d05854"
    load_balancer_arn = "arn:aws:elasticloadbalancing:us-east-1:146010077986:loadbalancer/app/ec2-lb-daniele/d67f06eef255c02a"
    port              = 80
    protocol          = "HTTP"
    tags_all          = {}

    default_action {
        order            = 1
        target_group_arn = "arn:aws:elasticloadbalancing:us-east-1:146010077986:targetgroup/ec2-lb-tg-daniele/71ff80a8b4ce167b"
        type             = "forward"
    }
}

# module.compute.aws_lb_target_group.ec2_lb_tg:
resource "aws_lb_target_group" "ec2_lb_tg" {
    arn                                = "arn:aws:elasticloadbalancing:us-east-1:146010077986:targetgroup/ec2-lb-tg-daniele/71ff80a8b4ce167b"
    arn_suffix                         = "targetgroup/ec2-lb-tg-daniele/71ff80a8b4ce167b"
    connection_termination             = false
    deregistration_delay               = "300"
    id                                 = "arn:aws:elasticloadbalancing:us-east-1:146010077986:targetgroup/ec2-lb-tg-daniele/71ff80a8b4ce167b"
    ip_address_type                    = "ipv4"
    lambda_multi_value_headers_enabled = false
    load_balancing_algorithm_type      = "round_robin"
    load_balancing_cross_zone_enabled  = "use_load_balancer_configuration"
    name                               = "ec2-lb-tg-daniele"
    port                               = 80
    protocol                           = "HTTP"
    protocol_version                   = "HTTP1"
    proxy_protocol_v2                  = false
    slow_start                         = 0
    tags_all                           = {}
    target_type                        = "instance"
    vpc_id                             = "vpc-0e98af58ee4dda86d"

    health_check {
        enabled             = true
        healthy_threshold   = 5
        interval            = 30
        matcher             = "200"
        path                = "/"
        port                = "traffic-port"
        protocol            = "HTTP"
        timeout             = 5
        unhealthy_threshold = 2
    }

    stickiness {
        cookie_duration = 86400
        enabled         = false
        type            = "lb_cookie"
    }

    target_failover {}
}
# module.database.aws_db_instance.rds_dbinstance:
resource "aws_db_instance" "rds_dbinstance" {
    address                               = "rds-daniele.c89ruratic48.us-east-1.rds.amazonaws.com"
    allocated_storage                     = 20
    apply_immediately                     = false
    arn                                   = "arn:aws:rds:us-east-1:146010077986:db:rds-daniele"
    auto_minor_version_upgrade            = true
    availability_zone                     = "us-east-1c"
    backup_retention_period               = 0
    backup_window                         = "04:23-04:53"
    ca_cert_identifier                    = "rds-ca-2019"
    copy_tags_to_snapshot                 = false
    customer_owned_ip_enabled             = false
    db_name                               = "rdsdbdaniele"
    db_subnet_group_name                  = "rds-sn-group-daniele"
    delete_automated_backups              = true
    deletion_protection                   = false
    endpoint                              = "rds-daniele.c89ruratic48.us-east-1.rds.amazonaws.com:3306"
    engine                                = "mysql"
    engine_version                        = "8.0.23"
    engine_version_actual                 = "8.0.23"
    hosted_zone_id                        = "Z2R2ITUGPM61AM"
    iam_database_authentication_enabled   = false
    id                                    = "rds-daniele"
    identifier                            = "rds-daniele"
    instance_class                        = "db.t2.micro"
    iops                                  = 0
    license_model                         = "general-public-license"
    listener_endpoint                     = []
    maintenance_window                    = "sun:05:25-sun:05:55"
    master_user_secret                    = []
    max_allocated_storage                 = 0
    monitoring_interval                   = 0
    multi_az                              = false
    name                                  = "rdsdbdaniele"
    network_type                          = "IPV4"
    option_group_name                     = "default:mysql-8-0"
    parameter_group_name                  = "rds-param-group-daniele"
    password                              = "rdsdbadminpwd"
    performance_insights_enabled          = false
    performance_insights_retention_period = 0
    port                                  = 3306
    publicly_accessible                   = false
    replicas                              = []
    resource_id                           = "db-LPDCDFPYETDEKNVK2WYOOIMVMA"
    skip_final_snapshot                   = true
    status                                = "available"
    storage_encrypted                     = false
    storage_throughput                    = 0
    storage_type                          = "gp2"
    tags_all                              = {}
    username                              = "rdsdbadmin"
    vpc_security_group_ids                = [
        "sg-00d60fd47471485c2",
    ]
}

# module.database.aws_db_parameter_group.rds_param_group:
resource "aws_db_parameter_group" "rds_param_group" {
    arn         = "arn:aws:rds:us-east-1:146010077986:pg:rds-param-group-daniele"
    description = "Managed by Terraform"
    family      = "mysql8.0"
    id          = "rds-param-group-daniele"
    name        = "rds-param-group-daniele"
    tags        = {}
    tags_all    = {}

    parameter {
        apply_method = "immediate"
        name         = "character_set_database"
        value        = "utf8"
    }
    parameter {
        apply_method = "immediate"
        name         = "character_set_server"
        value        = "utf8"
    }
}

# module.database.aws_db_subnet_group.rds_sn_group:
resource "aws_db_subnet_group" "rds_sn_group" {
    arn                     = "arn:aws:rds:us-east-1:146010077986:subgrp:rds-sn-group-daniele"
    description             = "Managed by Terraform"
    id                      = "rds-sn-group-daniele"
    name                    = "rds-sn-group-daniele"
    subnet_ids              = [
        "subnet-0877b0b0b954fd8a5",
        "subnet-0c4af8c6a75706fc7",
    ]
    supported_network_types = [
        "IPV4",
    ]
    tags_all                = {}
}
# module.network.aws_internet_gateway.igw:
resource "aws_internet_gateway" "igw" {
    arn      = "arn:aws:ec2:us-east-1:146010077986:internet-gateway/igw-081d5fbbeb68e7f3b"
    id       = "igw-081d5fbbeb68e7f3b"
    owner_id = "146010077986"
    tags_all = {}
    vpc_id   = "vpc-0e98af58ee4dda86d"
}

# module.network.aws_route_table.rt_priv:
resource "aws_route_table" "rt_priv" {
    arn              = "arn:aws:ec2:us-east-1:146010077986:route-table/rtb-03b10e416cc55437c"
    id               = "rtb-03b10e416cc55437c"
    owner_id         = "146010077986"
    propagating_vgws = []
    route            = []
    tags_all         = {}
    vpc_id           = "vpc-0e98af58ee4dda86d"
}

# module.network.aws_route_table.rt_pub:
resource "aws_route_table" "rt_pub" {
    arn              = "arn:aws:ec2:us-east-1:146010077986:route-table/rtb-08005b7d08faa5570"
    id               = "rtb-08005b7d08faa5570"
    owner_id         = "146010077986"
    propagating_vgws = []
    route            = [
        {
            carrier_gateway_id         = ""
            cidr_block                 = "0.0.0.0/0"
            core_network_arn           = ""
            destination_prefix_list_id = ""
            egress_only_gateway_id     = ""
            gateway_id                 = "igw-081d5fbbeb68e7f3b"
            instance_id                = ""
            ipv6_cidr_block            = ""
            local_gateway_id           = ""
            nat_gateway_id             = ""
            network_interface_id       = ""
            transit_gateway_id         = ""
            vpc_endpoint_id            = ""
            vpc_peering_connection_id  = ""
        },
    ]
    tags_all         = {}
    vpc_id           = "vpc-0e98af58ee4dda86d"
}

# module.network.aws_route_table_association.rt_pub_sn_priv_az1:
resource "aws_route_table_association" "rt_pub_sn_priv_az1" {
    id             = "rtbassoc-02f8fa134675613bf"
    route_table_id = "rtb-03b10e416cc55437c"
    subnet_id      = "subnet-0c4af8c6a75706fc7"
}

# module.network.aws_route_table_association.rt_pub_sn_priv_az2:
resource "aws_route_table_association" "rt_pub_sn_priv_az2" {
    id             = "rtbassoc-0f502486820c660c4"
    route_table_id = "rtb-03b10e416cc55437c"
    subnet_id      = "subnet-0877b0b0b954fd8a5"
}

# module.network.aws_route_table_association.rt_pub_sn_pub_az1:
resource "aws_route_table_association" "rt_pub_sn_pub_az1" {
    id             = "rtbassoc-079ad4e0c3cb6fd9d"
    route_table_id = "rtb-08005b7d08faa5570"
    subnet_id      = "subnet-0c1a07a0a6aeb7f05"
}

# module.network.aws_route_table_association.rt_pub_sn_pub_az2:
resource "aws_route_table_association" "rt_pub_sn_pub_az2" {
    id             = "rtbassoc-00a14c233d62bf078"
    route_table_id = "rtb-08005b7d08faa5570"
    subnet_id      = "subnet-0971db624c046f828"
}

# module.network.aws_security_group.vpc_sg_priv:
resource "aws_security_group" "vpc_sg_priv" {
    arn                    = "arn:aws:ec2:us-east-1:146010077986:security-group/sg-00d60fd47471485c2"
    description            = "Managed by Terraform"
    egress                 = [
        {
            cidr_blocks      = [
                "0.0.0.0/0",
            ]
            description      = ""
            from_port        = 0
            ipv6_cidr_blocks = []
            prefix_list_ids  = []
            protocol         = "-1"
            security_groups  = []
            self             = false
            to_port          = 0
        },
    ]
    id                     = "sg-00d60fd47471485c2"
    ingress                = [
        {
            cidr_blocks      = [
                "30.0.0.0/16",
            ]
            description      = ""
            from_port        = 0
            ipv6_cidr_blocks = []
            prefix_list_ids  = []
            protocol         = "-1"
            security_groups  = []
            self             = false
            to_port          = 0
        },
    ]
    name                   = "terraform-20230427180040443800000001"
    name_prefix            = "terraform-"
    owner_id               = "146010077986"
    revoke_rules_on_delete = false
    tags_all               = {}
    vpc_id                 = "vpc-0e98af58ee4dda86d"
}

# module.network.aws_security_group.vpc_sg_pub:
resource "aws_security_group" "vpc_sg_pub" {
    arn                    = "arn:aws:ec2:us-east-1:146010077986:security-group/sg-0ddc7d512d7c73120"
    description            = "Managed by Terraform"
    egress                 = [
        {
            cidr_blocks      = [
                "0.0.0.0/0",
            ]
            description      = ""
            from_port        = 0
            ipv6_cidr_blocks = []
            prefix_list_ids  = []
            protocol         = "-1"
            security_groups  = []
            self             = false
            to_port          = 0
        },
    ]
    id                     = "sg-0ddc7d512d7c73120"
    ingress                = [
        {
            cidr_blocks      = [
                "0.0.0.0/0",
            ]
            description      = ""
            from_port        = 22
            ipv6_cidr_blocks = []
            prefix_list_ids  = []
            protocol         = "tcp"
            security_groups  = []
            self             = false
            to_port          = 22
        },
        {
            cidr_blocks      = [
                "0.0.0.0/0",
            ]
            description      = ""
            from_port        = 80
            ipv6_cidr_blocks = []
            prefix_list_ids  = []
            protocol         = "tcp"
            security_groups  = []
            self             = false
            to_port          = 80
        },
        {
            cidr_blocks      = [
                "30.0.0.0/16",
            ]
            description      = ""
            from_port        = 0
            ipv6_cidr_blocks = []
            prefix_list_ids  = []
            protocol         = "-1"
            security_groups  = []
            self             = false
            to_port          = 0
        },
    ]
    name                   = "terraform-20230427180040446300000002"
    name_prefix            = "terraform-"
    owner_id               = "146010077986"
    revoke_rules_on_delete = false
    tags_all               = {}
    vpc_id                 = "vpc-0e98af58ee4dda86d"
}

# module.network.aws_subnet.sn_priv_az1:
resource "aws_subnet" "sn_priv_az1" {
    arn                                            = "arn:aws:ec2:us-east-1:146010077986:subnet/subnet-0c4af8c6a75706fc7"
    assign_ipv6_address_on_creation                = false
    availability_zone                              = "us-east-1a"
    availability_zone_id                           = "use1-az2"
    cidr_block                                     = "30.0.3.0/24"
    enable_dns64                                   = false
    enable_lni_at_device_index                     = 0
    enable_resource_name_dns_a_record_on_launch    = false
    enable_resource_name_dns_aaaa_record_on_launch = false
    id                                             = "subnet-0c4af8c6a75706fc7"
    ipv6_native                                    = false
    map_customer_owned_ip_on_launch                = false
    map_public_ip_on_launch                        = false
    owner_id                                       = "146010077986"
    private_dns_hostname_type_on_launch            = "ip-name"
    tags_all                                       = {}
    vpc_id                                         = "vpc-0e98af58ee4dda86d"
}

# module.network.aws_subnet.sn_priv_az2:
resource "aws_subnet" "sn_priv_az2" {
    arn                                            = "arn:aws:ec2:us-east-1:146010077986:subnet/subnet-0877b0b0b954fd8a5"
    assign_ipv6_address_on_creation                = false
    availability_zone                              = "us-east-1c"
    availability_zone_id                           = "use1-az6"
    cidr_block                                     = "30.0.4.0/24"
    enable_dns64                                   = false
    enable_lni_at_device_index                     = 0
    enable_resource_name_dns_a_record_on_launch    = false
    enable_resource_name_dns_aaaa_record_on_launch = false
    id                                             = "subnet-0877b0b0b954fd8a5"
    ipv6_native                                    = false
    map_customer_owned_ip_on_launch                = false
    map_public_ip_on_launch                        = false
    owner_id                                       = "146010077986"
    private_dns_hostname_type_on_launch            = "ip-name"
    tags_all                                       = {}
    vpc_id                                         = "vpc-0e98af58ee4dda86d"
}

# module.network.aws_subnet.sn_pub_az1:
resource "aws_subnet" "sn_pub_az1" {
    arn                                            = "arn:aws:ec2:us-east-1:146010077986:subnet/subnet-0c1a07a0a6aeb7f05"
    assign_ipv6_address_on_creation                = false
    availability_zone                              = "us-east-1a"
    availability_zone_id                           = "use1-az2"
    cidr_block                                     = "30.0.1.0/24"
    enable_dns64                                   = false
    enable_lni_at_device_index                     = 0
    enable_resource_name_dns_a_record_on_launch    = false
    enable_resource_name_dns_aaaa_record_on_launch = false
    id                                             = "subnet-0c1a07a0a6aeb7f05"
    ipv6_native                                    = false
    map_customer_owned_ip_on_launch                = false
    map_public_ip_on_launch                        = true
    owner_id                                       = "146010077986"
    private_dns_hostname_type_on_launch            = "ip-name"
    tags_all                                       = {}
    vpc_id                                         = "vpc-0e98af58ee4dda86d"
}

# module.network.aws_subnet.sn_pub_az2:
resource "aws_subnet" "sn_pub_az2" {
    arn                                            = "arn:aws:ec2:us-east-1:146010077986:subnet/subnet-0971db624c046f828"
    assign_ipv6_address_on_creation                = false
    availability_zone                              = "us-east-1c"
    availability_zone_id                           = "use1-az6"
    cidr_block                                     = "30.0.2.0/24"
    enable_dns64                                   = false
    enable_lni_at_device_index                     = 0
    enable_resource_name_dns_a_record_on_launch    = false
    enable_resource_name_dns_aaaa_record_on_launch = false
    id                                             = "subnet-0971db624c046f828"
    ipv6_native                                    = false
    map_customer_owned_ip_on_launch                = false
    map_public_ip_on_launch                        = true
    owner_id                                       = "146010077986"
    private_dns_hostname_type_on_launch            = "ip-name"
    tags_all                                       = {}
    vpc_id                                         = "vpc-0e98af58ee4dda86d"
}

# module.network.aws_vpc.vpc:
resource "aws_vpc" "vpc" {
    arn                                  = "arn:aws:ec2:us-east-1:146010077986:vpc/vpc-0e98af58ee4dda86d"
    assign_generated_ipv6_cidr_block     = false
    cidr_block                           = "30.0.0.0/16"
    default_network_acl_id               = "acl-07353dadeacc61783"
    default_route_table_id               = "rtb-0d65d7bccb0284fbf"
    default_security_group_id            = "sg-0fc2666e4648dc4cf"
    dhcp_options_id                      = "dopt-073c4cdb2128f0093"
    enable_classiclink                   = false
    enable_classiclink_dns_support       = false
    enable_dns_hostnames                 = true
    enable_dns_support                   = true
    enable_network_address_usage_metrics = false
    id                                   = "vpc-0e98af58ee4dda86d"
    instance_tenancy                     = "default"
    ipv6_netmask_length                  = 0
    main_route_table_id                  = "rtb-0d65d7bccb0284fbf"
    owner_id                             = "146010077986"
    tags_all                             = {}
}

C:\Users\Yuukitore\Downloads\app-notifier\terraform>